// !$*UTF8*$!
{
	archiveVersion = 1;
	classes = {
	};
	objectVersion = 46;
	objects = {

/* Begin PBXBuildFile section */
		3E1FCF6E198BE2110026D843 /* libglfw3.a in Frameworks */ = {isa = PBXBuildFile; fileRef = 3E1FCF6C198BE2110026D843 /* libglfw3.a */; };
		3E1FCF6F198BE2110026D843 /* libSOIL.dylib in Frameworks */ = {isa = PBXBuildFile; fileRef = 3E1FCF6D198BE2110026D843 /* libSOIL.dylib */; };
		3EA2D334198BCAA4003C71D8 /* PICG_Project1.1 in CopyFiles */ = {isa = PBXBuildFile; fileRef = 3EA2D333198BCAA4003C71D8 /* PICG_Project1.1 */; };
		3EA2D451198BCABE003C71D8 /* main.cpp in Sources */ = {isa = PBXBuildFile; fileRef = 3EA2D447198BCABE003C71D8 /* main.cpp */; };
		3EA2D453198BCB63003C71D8 /* Cocoa.framework in Frameworks */ = {isa = PBXBuildFile; fileRef = 3EA2D452198BCB63003C71D8 /* Cocoa.framework */; };
		3EA2D455198BCB68003C71D8 /* CoreVideo.framework in Frameworks */ = {isa = PBXBuildFile; fileRef = 3EA2D454198BCB68003C71D8 /* CoreVideo.framework */; };
		3EA2D457198BCB71003C71D8 /* IOKit.framework in Frameworks */ = {isa = PBXBuildFile; fileRef = 3EA2D456198BCB71003C71D8 /* IOKit.framework */; };
		3EA2D459198BCBB6003C71D8 /* OpenGL.framework in Frameworks */ = {isa = PBXBuildFile; fileRef = 3EA2D458198BCBB6003C71D8 /* OpenGL.framework */; };
		3EA2D468198BDA6F003C71D8 /* teapot.obj in CopyFiles */ = {isa = PBXBuildFile; fileRef = 3EA2D43E198BCABE003C71D8 /* teapot.obj */; };
		3EA2D469198BDA6F003C71D8 /* teddy.obj in CopyFiles */ = {isa = PBXBuildFile; fileRef = 3EA2D43F198BCABE003C71D8 /* teddy.obj */; };
		3EA2D46B198BDAC2003C71D8 /* texture.bmp in CopyFiles */ = {isa = PBXBuildFile; fileRef = 3EA2D44E198BCABE003C71D8 /* texture.bmp */; };
		3EA2D46E198BDCD7003C71D8 /* input.txt in CopyFiles */ = {isa = PBXBuildFile; fileRef = 3EA2D43C198BCABE003C71D8 /* input.txt */; };
/* End PBXBuildFile section */

/* Begin PBXCopyFilesBuildPhase section */
		3EA2D32C198BCAA4003C71D8 /* CopyFiles */ = {
			isa = PBXCopyFilesBuildPhase;
			buildActionMask = 2147483647;
			dstPath = "";
			dstSubfolderSpec = 0;
			files = (
				3EA2D334198BCAA4003C71D8 /* PICG_Project1.1 in CopyFiles */,
			);
			runOnlyForDeploymentPostprocessing = 1;
		};
		3EA2D467198BDA55003C71D8 /* CopyFiles */ = {
			isa = PBXCopyFilesBuildPhase;
			buildActionMask = 12;
			dstPath = models;
			dstSubfolderSpec = 7;
			files = (
				3EA2D468198BDA6F003C71D8 /* teapot.obj in CopyFiles */,
				3EA2D469198BDA6F003C71D8 /* teddy.obj in CopyFiles */,
			);
			runOnlyForDeploymentPostprocessing = 0;
		};
		3EA2D46A198BDAB6003C71D8 /* CopyFiles */ = {
			isa = PBXCopyFilesBuildPhase;
			buildActionMask = 2147483647;
			dstPath = textures;
			dstSubfolderSpec = 7;
			files = (
				3EA2D46B198BDAC2003C71D8 /* texture.bmp in CopyFiles */,
			);
			runOnlyForDeploymentPostprocessing = 0;
		};
		3EA2D46C198BDAEC003C71D8 /* CopyFiles */ = {
			isa = PBXCopyFilesBuildPhase;
			buildActionMask = 2147483647;
			dstPath = "";
			dstSubfolderSpec = 7;
			files = (
				3EA2D46E198BDCD7003C71D8 /* input.txt in CopyFiles */,
			);
			runOnlyForDeploymentPostprocessing = 0;
		};
/* End PBXCopyFilesBuildPhase section */

/* Begin PBXFileReference section */
		3E1FCF6C198BE2110026D843 /* libglfw3.a */ = {isa = PBXFileReference; lastKnownFileType = archive.ar; name = libglfw3.a; path = ../../../../../../../usr/local/Cellar/glfw3/3.0.4/lib/libglfw3.a; sourceTree = "<group>"; };
		3E1FCF6D198BE2110026D843 /* libSOIL.dylib */ = {isa = PBXFileReference; lastKnownFileType = "compiled.mach-o.dylib"; name = libSOIL.dylib; path = ../../../../../../../usr/local/lib/libSOIL.dylib; sourceTree = "<group>"; };
		3EA2D32E198BCAA4003C71D8 /* PICG-Project1 */ = {isa = PBXFileReference; explicitFileType = "compiled.mach-o.executable"; includeInIndex = 0; path = "PICG-Project1"; sourceTree = BUILT_PRODUCTS_DIR; };
		3EA2D333198BCAA4003C71D8 /* PICG_Project1.1 */ = {isa = PBXFileReference; lastKnownFileType = text.man; path = PICG_Project1.1; sourceTree = "<group>"; };
		3EA2D33C198BCABD003C71D8 /* CMakeLists.txt */ = {isa = PBXFileReference; fileEncoding = 4; lastKnownFileType = text; path = CMakeLists.txt; sourceTree = "<group>"; };
		3EA2D33D198BCABD003C71D8 /* common.hpp */ = {isa = PBXFileReference; fileEncoding = 4; lastKnownFileType = sourcecode.cpp.h; path = common.hpp; sourceTree = "<group>"; };
		3EA2D33F198BCABD003C71D8 /* _features.hpp */ = {isa = PBXFileReference; fileEncoding = 4; lastKnownFileType = sourcecode.cpp.h; path = _features.hpp; sourceTree = "<group>"; };
		3EA2D340198BCABD003C71D8 /* _fixes.hpp */ = {isa = PBXFileReference; fileEncoding = 4; lastKnownFileType = sourcecode.cpp.h; path = _fixes.hpp; sourceTree = "<group>"; };
		3EA2D341198BCABD003C71D8 /* _literals.hpp */ = {isa = PBXFileReference; fileEncoding = 4; lastKnownFileType = sourcecode.cpp.h; path = _literals.hpp; sourceTree = "<group>"; };
		3EA2D342198BCABD003C71D8 /* _noise.hpp */ = {isa = PBXFileReference; fileEncoding = 4; lastKnownFileType = sourcecode.cpp.h; path = _noise.hpp; sourceTree = "<group>"; };
		3EA2D343198BCABD003C71D8 /* _swizzle.hpp */ = {isa = PBXFileReference; fileEncoding = 4; lastKnownFileType = sourcecode.cpp.h; path = _swizzle.hpp; sourceTree = "<group>"; };
		3EA2D344198BCABD003C71D8 /* _swizzle_func.hpp */ = {isa = PBXFileReference; fileEncoding = 4; lastKnownFileType = sourcecode.cpp.h; path = _swizzle_func.hpp; sourceTree = "<group>"; };
		3EA2D345198BCABD003C71D8 /* _vectorize.hpp */ = {isa = PBXFileReference; fileEncoding = 4; lastKnownFileType = sourcecode.cpp.h; path = _vectorize.hpp; sourceTree = "<group>"; };
		3EA2D346198BCABD003C71D8 /* dummy.cpp */ = {isa = PBXFileReference; fileEncoding = 4; lastKnownFileType = sourcecode.cpp.cpp; path = dummy.cpp; sourceTree = "<group>"; };
		3EA2D347198BCABD003C71D8 /* func_common.hpp */ = {isa = PBXFileReference; fileEncoding = 4; lastKnownFileType = sourcecode.cpp.h; path = func_common.hpp; sourceTree = "<group>"; };
		3EA2D348198BCABD003C71D8 /* func_common.inl */ = {isa = PBXFileReference; fileEncoding = 4; lastKnownFileType = text; path = func_common.inl; sourceTree = "<group>"; };
		3EA2D349198BCABD003C71D8 /* func_exponential.hpp */ = {isa = PBXFileReference; fileEncoding = 4; lastKnownFileType = sourcecode.cpp.h; path = func_exponential.hpp; sourceTree = "<group>"; };
		3EA2D34A198BCABD003C71D8 /* func_exponential.inl */ = {isa = PBXFileReference; fileEncoding = 4; lastKnownFileType = text; path = func_exponential.inl; sourceTree = "<group>"; };
		3EA2D34B198BCABD003C71D8 /* func_geometric.hpp */ = {isa = PBXFileReference; fileEncoding = 4; lastKnownFileType = sourcecode.cpp.h; path = func_geometric.hpp; sourceTree = "<group>"; };
		3EA2D34C198BCABD003C71D8 /* func_geometric.inl */ = {isa = PBXFileReference; fileEncoding = 4; lastKnownFileType = text; path = func_geometric.inl; sourceTree = "<group>"; };
		3EA2D34D198BCABD003C71D8 /* func_integer.hpp */ = {isa = PBXFileReference; fileEncoding = 4; lastKnownFileType = sourcecode.cpp.h; path = func_integer.hpp; sourceTree = "<group>"; };
		3EA2D34E198BCABD003C71D8 /* func_integer.inl */ = {isa = PBXFileReference; fileEncoding = 4; lastKnownFileType = text; path = func_integer.inl; sourceTree = "<group>"; };
		3EA2D34F198BCABD003C71D8 /* func_matrix.hpp */ = {isa = PBXFileReference; fileEncoding = 4; lastKnownFileType = sourcecode.cpp.h; path = func_matrix.hpp; sourceTree = "<group>"; };
		3EA2D350198BCABD003C71D8 /* func_matrix.inl */ = {isa = PBXFileReference; fileEncoding = 4; lastKnownFileType = text; path = func_matrix.inl; sourceTree = "<group>"; };
		3EA2D351198BCABD003C71D8 /* func_noise.hpp */ = {isa = PBXFileReference; fileEncoding = 4; lastKnownFileType = sourcecode.cpp.h; path = func_noise.hpp; sourceTree = "<group>"; };
		3EA2D352198BCABD003C71D8 /* func_noise.inl */ = {isa = PBXFileReference; fileEncoding = 4; lastKnownFileType = text; path = func_noise.inl; sourceTree = "<group>"; };
		3EA2D353198BCABD003C71D8 /* func_packing.hpp */ = {isa = PBXFileReference; fileEncoding = 4; lastKnownFileType = sourcecode.cpp.h; path = func_packing.hpp; sourceTree = "<group>"; };
		3EA2D354198BCABD003C71D8 /* func_packing.inl */ = {isa = PBXFileReference; fileEncoding = 4; lastKnownFileType = text; path = func_packing.inl; sourceTree = "<group>"; };
		3EA2D355198BCABD003C71D8 /* func_trigonometric.hpp */ = {isa = PBXFileReference; fileEncoding = 4; lastKnownFileType = sourcecode.cpp.h; path = func_trigonometric.hpp; sourceTree = "<group>"; };
		3EA2D356198BCABD003C71D8 /* func_trigonometric.inl */ = {isa = PBXFileReference; fileEncoding = 4; lastKnownFileType = text; path = func_trigonometric.inl; sourceTree = "<group>"; };
		3EA2D357198BCABD003C71D8 /* func_vector_relational.hpp */ = {isa = PBXFileReference; fileEncoding = 4; lastKnownFileType = sourcecode.cpp.h; path = func_vector_relational.hpp; sourceTree = "<group>"; };
		3EA2D358198BCABD003C71D8 /* func_vector_relational.inl */ = {isa = PBXFileReference; fileEncoding = 4; lastKnownFileType = text; path = func_vector_relational.inl; sourceTree = "<group>"; };
		3EA2D359198BCABD003C71D8 /* glm.cpp */ = {isa = PBXFileReference; fileEncoding = 4; lastKnownFileType = sourcecode.cpp.cpp; path = glm.cpp; sourceTree = "<group>"; };
		3EA2D35A198BCABD003C71D8 /* hint.hpp */ = {isa = PBXFileReference; fileEncoding = 4; lastKnownFileType = sourcecode.cpp.h; path = hint.hpp; sourceTree = "<group>"; };
		3EA2D35B198BCABD003C71D8 /* intrinsic_common.hpp */ = {isa = PBXFileReference; fileEncoding = 4; lastKnownFileType = sourcecode.cpp.h; path = intrinsic_common.hpp; sourceTree = "<group>"; };
		3EA2D35C198BCABD003C71D8 /* intrinsic_common.inl */ = {isa = PBXFileReference; fileEncoding = 4; lastKnownFileType = text; path = intrinsic_common.inl; sourceTree = "<group>"; };
		3EA2D35D198BCABD003C71D8 /* intrinsic_exponential.hpp */ = {isa = PBXFileReference; fileEncoding = 4; lastKnownFileType = sourcecode.cpp.h; path = intrinsic_exponential.hpp; sourceTree = "<group>"; };
		3EA2D35E198BCABD003C71D8 /* intrinsic_exponential.inl */ = {isa = PBXFileReference; fileEncoding = 4; lastKnownFileType = text; path = intrinsic_exponential.inl; sourceTree = "<group>"; };
		3EA2D35F198BCABD003C71D8 /* intrinsic_geometric.hpp */ = {isa = PBXFileReference; fileEncoding = 4; lastKnownFileType = sourcecode.cpp.h; path = intrinsic_geometric.hpp; sourceTree = "<group>"; };
		3EA2D360198BCABD003C71D8 /* intrinsic_geometric.inl */ = {isa = PBXFileReference; fileEncoding = 4; lastKnownFileType = text; path = intrinsic_geometric.inl; sourceTree = "<group>"; };
		3EA2D361198BCABD003C71D8 /* intrinsic_integer.hpp */ = {isa = PBXFileReference; fileEncoding = 4; lastKnownFileType = sourcecode.cpp.h; path = intrinsic_integer.hpp; sourceTree = "<group>"; };
		3EA2D362198BCABD003C71D8 /* intrinsic_integer.inl */ = {isa = PBXFileReference; fileEncoding = 4; lastKnownFileType = text; path = intrinsic_integer.inl; sourceTree = "<group>"; };
		3EA2D363198BCABD003C71D8 /* intrinsic_matrix.hpp */ = {isa = PBXFileReference; fileEncoding = 4; lastKnownFileType = sourcecode.cpp.h; path = intrinsic_matrix.hpp; sourceTree = "<group>"; };
		3EA2D364198BCABD003C71D8 /* intrinsic_matrix.inl */ = {isa = PBXFileReference; fileEncoding = 4; lastKnownFileType = text; path = intrinsic_matrix.inl; sourceTree = "<group>"; };
		3EA2D365198BCABD003C71D8 /* intrinsic_trigonometric.hpp */ = {isa = PBXFileReference; fileEncoding = 4; lastKnownFileType = sourcecode.cpp.h; path = intrinsic_trigonometric.hpp; sourceTree = "<group>"; };
		3EA2D366198BCABD003C71D8 /* intrinsic_trigonometric.inl */ = {isa = PBXFileReference; fileEncoding = 4; lastKnownFileType = text; path = intrinsic_trigonometric.inl; sourceTree = "<group>"; };
		3EA2D367198BCABD003C71D8 /* intrinsic_vector_relational.hpp */ = {isa = PBXFileReference; fileEncoding = 4; lastKnownFileType = sourcecode.cpp.h; path = intrinsic_vector_relational.hpp; sourceTree = "<group>"; };
		3EA2D368198BCABD003C71D8 /* intrinsic_vector_relational.inl */ = {isa = PBXFileReference; fileEncoding = 4; lastKnownFileType = text; path = intrinsic_vector_relational.inl; sourceTree = "<group>"; };
		3EA2D369198BCABD003C71D8 /* precision.hpp */ = {isa = PBXFileReference; fileEncoding = 4; lastKnownFileType = sourcecode.cpp.h; path = precision.hpp; sourceTree = "<group>"; };
		3EA2D36A198BCABD003C71D8 /* precision.inl */ = {isa = PBXFileReference; fileEncoding = 4; lastKnownFileType = text; path = precision.inl; sourceTree = "<group>"; };
		3EA2D36B198BCABD003C71D8 /* setup.hpp */ = {isa = PBXFileReference; fileEncoding = 4; lastKnownFileType = sourcecode.cpp.h; path = setup.hpp; sourceTree = "<group>"; };
		3EA2D36C198BCABD003C71D8 /* type_float.hpp */ = {isa = PBXFileReference; fileEncoding = 4; lastKnownFileType = sourcecode.cpp.h; path = type_float.hpp; sourceTree = "<group>"; };
		3EA2D36D198BCABD003C71D8 /* type_gentype.hpp */ = {isa = PBXFileReference; fileEncoding = 4; lastKnownFileType = sourcecode.cpp.h; path = type_gentype.hpp; sourceTree = "<group>"; };
		3EA2D36E198BCABD003C71D8 /* type_gentype.inl */ = {isa = PBXFileReference; fileEncoding = 4; lastKnownFileType = text; path = type_gentype.inl; sourceTree = "<group>"; };
		3EA2D36F198BCABD003C71D8 /* type_half.hpp */ = {isa = PBXFileReference; fileEncoding = 4; lastKnownFileType = sourcecode.cpp.h; path = type_half.hpp; sourceTree = "<group>"; };
		3EA2D370198BCABD003C71D8 /* type_half.inl */ = {isa = PBXFileReference; fileEncoding = 4; lastKnownFileType = text; path = type_half.inl; sourceTree = "<group>"; };
		3EA2D371198BCABD003C71D8 /* type_int.hpp */ = {isa = PBXFileReference; fileEncoding = 4; lastKnownFileType = sourcecode.cpp.h; path = type_int.hpp; sourceTree = "<group>"; };
		3EA2D372198BCABD003C71D8 /* type_mat.hpp */ = {isa = PBXFileReference; fileEncoding = 4; lastKnownFileType = sourcecode.cpp.h; path = type_mat.hpp; sourceTree = "<group>"; };
		3EA2D373198BCABD003C71D8 /* type_mat.inl */ = {isa = PBXFileReference; fileEncoding = 4; lastKnownFileType = text; path = type_mat.inl; sourceTree = "<group>"; };
		3EA2D374198BCABD003C71D8 /* type_mat2x2.hpp */ = {isa = PBXFileReference; fileEncoding = 4; lastKnownFileType = sourcecode.cpp.h; path = type_mat2x2.hpp; sourceTree = "<group>"; };
		3EA2D375198BCABD003C71D8 /* type_mat2x2.inl */ = {isa = PBXFileReference; fileEncoding = 4; lastKnownFileType = text; path = type_mat2x2.inl; sourceTree = "<group>"; };
		3EA2D376198BCABD003C71D8 /* type_mat2x3.hpp */ = {isa = PBXFileReference; fileEncoding = 4; lastKnownFileType = sourcecode.cpp.h; path = type_mat2x3.hpp; sourceTree = "<group>"; };
		3EA2D377198BCABD003C71D8 /* type_mat2x3.inl */ = {isa = PBXFileReference; fileEncoding = 4; lastKnownFileType = text; path = type_mat2x3.inl; sourceTree = "<group>"; };
		3EA2D378198BCABD003C71D8 /* type_mat2x4.hpp */ = {isa = PBXFileReference; fileEncoding = 4; lastKnownFileType = sourcecode.cpp.h; path = type_mat2x4.hpp; sourceTree = "<group>"; };
		3EA2D379198BCABD003C71D8 /* type_mat2x4.inl */ = {isa = PBXFileReference; fileEncoding = 4; lastKnownFileType = text; path = type_mat2x4.inl; sourceTree = "<group>"; };
		3EA2D37A198BCABD003C71D8 /* type_mat3x2.hpp */ = {isa = PBXFileReference; fileEncoding = 4; lastKnownFileType = sourcecode.cpp.h; path = type_mat3x2.hpp; sourceTree = "<group>"; };
		3EA2D37B198BCABD003C71D8 /* type_mat3x2.inl */ = {isa = PBXFileReference; fileEncoding = 4; lastKnownFileType = text; path = type_mat3x2.inl; sourceTree = "<group>"; };
		3EA2D37C198BCABD003C71D8 /* type_mat3x3.hpp */ = {isa = PBXFileReference; fileEncoding = 4; lastKnownFileType = sourcecode.cpp.h; path = type_mat3x3.hpp; sourceTree = "<group>"; };
		3EA2D37D198BCABD003C71D8 /* type_mat3x3.inl */ = {isa = PBXFileReference; fileEncoding = 4; lastKnownFileType = text; path = type_mat3x3.inl; sourceTree = "<group>"; };
		3EA2D37E198BCABD003C71D8 /* type_mat3x4.hpp */ = {isa = PBXFileReference; fileEncoding = 4; lastKnownFileType = sourcecode.cpp.h; path = type_mat3x4.hpp; sourceTree = "<group>"; };
		3EA2D37F198BCABD003C71D8 /* type_mat3x4.inl */ = {isa = PBXFileReference; fileEncoding = 4; lastKnownFileType = text; path = type_mat3x4.inl; sourceTree = "<group>"; };
		3EA2D380198BCABD003C71D8 /* type_mat4x2.hpp */ = {isa = PBXFileReference; fileEncoding = 4; lastKnownFileType = sourcecode.cpp.h; path = type_mat4x2.hpp; sourceTree = "<group>"; };
		3EA2D381198BCABD003C71D8 /* type_mat4x2.inl */ = {isa = PBXFileReference; fileEncoding = 4; lastKnownFileType = text; path = type_mat4x2.inl; sourceTree = "<group>"; };
		3EA2D382198BCABD003C71D8 /* type_mat4x3.hpp */ = {isa = PBXFileReference; fileEncoding = 4; lastKnownFileType = sourcecode.cpp.h; path = type_mat4x3.hpp; sourceTree = "<group>"; };
		3EA2D383198BCABD003C71D8 /* type_mat4x3.inl */ = {isa = PBXFileReference; fileEncoding = 4; lastKnownFileType = text; path = type_mat4x3.inl; sourceTree = "<group>"; };
		3EA2D384198BCABD003C71D8 /* type_mat4x4.hpp */ = {isa = PBXFileReference; fileEncoding = 4; lastKnownFileType = sourcecode.cpp.h; path = type_mat4x4.hpp; sourceTree = "<group>"; };
		3EA2D385198BCABD003C71D8 /* type_mat4x4.inl */ = {isa = PBXFileReference; fileEncoding = 4; lastKnownFileType = text; path = type_mat4x4.inl; sourceTree = "<group>"; };
		3EA2D386198BCABD003C71D8 /* type_vec.hpp */ = {isa = PBXFileReference; fileEncoding = 4; lastKnownFileType = sourcecode.cpp.h; path = type_vec.hpp; sourceTree = "<group>"; };
		3EA2D387198BCABD003C71D8 /* type_vec.inl */ = {isa = PBXFileReference; fileEncoding = 4; lastKnownFileType = text; path = type_vec.inl; sourceTree = "<group>"; };
		3EA2D388198BCABD003C71D8 /* type_vec1.hpp */ = {isa = PBXFileReference; fileEncoding = 4; lastKnownFileType = sourcecode.cpp.h; path = type_vec1.hpp; sourceTree = "<group>"; };
		3EA2D389198BCABD003C71D8 /* type_vec1.inl */ = {isa = PBXFileReference; fileEncoding = 4; lastKnownFileType = text; path = type_vec1.inl; sourceTree = "<group>"; };
		3EA2D38A198BCABD003C71D8 /* type_vec2.hpp */ = {isa = PBXFileReference; fileEncoding = 4; lastKnownFileType = sourcecode.cpp.h; path = type_vec2.hpp; sourceTree = "<group>"; };
		3EA2D38B198BCABD003C71D8 /* type_vec2.inl */ = {isa = PBXFileReference; fileEncoding = 4; lastKnownFileType = text; path = type_vec2.inl; sourceTree = "<group>"; };
		3EA2D38C198BCABD003C71D8 /* type_vec3.hpp */ = {isa = PBXFileReference; fileEncoding = 4; lastKnownFileType = sourcecode.cpp.h; path = type_vec3.hpp; sourceTree = "<group>"; };
		3EA2D38D198BCABD003C71D8 /* type_vec3.inl */ = {isa = PBXFileReference; fileEncoding = 4; lastKnownFileType = text; path = type_vec3.inl; sourceTree = "<group>"; };
		3EA2D38E198BCABD003C71D8 /* type_vec4.hpp */ = {isa = PBXFileReference; fileEncoding = 4; lastKnownFileType = sourcecode.cpp.h; path = type_vec4.hpp; sourceTree = "<group>"; };
		3EA2D38F198BCABD003C71D8 /* type_vec4.inl */ = {isa = PBXFileReference; fileEncoding = 4; lastKnownFileType = text; path = type_vec4.inl; sourceTree = "<group>"; };
		3EA2D390198BCABD003C71D8 /* exponential.hpp */ = {isa = PBXFileReference; fileEncoding = 4; lastKnownFileType = sourcecode.cpp.h; path = exponential.hpp; sourceTree = "<group>"; };
		3EA2D391198BCABD003C71D8 /* ext.hpp */ = {isa = PBXFileReference; fileEncoding = 4; lastKnownFileType = sourcecode.cpp.h; path = ext.hpp; sourceTree = "<group>"; };
		3EA2D392198BCABD003C71D8 /* fwd.hpp */ = {isa = PBXFileReference; fileEncoding = 4; lastKnownFileType = sourcecode.cpp.h; path = fwd.hpp; sourceTree = "<group>"; };
		3EA2D393198BCABD003C71D8 /* geometric.hpp */ = {isa = PBXFileReference; fileEncoding = 4; lastKnownFileType = sourcecode.cpp.h; path = geometric.hpp; sourceTree = "<group>"; };
		3EA2D394198BCABD003C71D8 /* glm.hpp */ = {isa = PBXFileReference; fileEncoding = 4; lastKnownFileType = sourcecode.cpp.h; path = glm.hpp; sourceTree = "<group>"; };
		3EA2D396198BCABD003C71D8 /* constants.hpp */ = {isa = PBXFileReference; fileEncoding = 4; lastKnownFileType = sourcecode.cpp.h; path = constants.hpp; sourceTree = "<group>"; };
		3EA2D397198BCABD003C71D8 /* constants.inl */ = {isa = PBXFileReference; fileEncoding = 4; lastKnownFileType = text; path = constants.inl; sourceTree = "<group>"; };
		3EA2D398198BCABD003C71D8 /* epsilon.hpp */ = {isa = PBXFileReference; fileEncoding = 4; lastKnownFileType = sourcecode.cpp.h; path = epsilon.hpp; sourceTree = "<group>"; };
		3EA2D399198BCABD003C71D8 /* epsilon.inl */ = {isa = PBXFileReference; fileEncoding = 4; lastKnownFileType = text; path = epsilon.inl; sourceTree = "<group>"; };
		3EA2D39A198BCABD003C71D8 /* matrix_access.hpp */ = {isa = PBXFileReference; fileEncoding = 4; lastKnownFileType = sourcecode.cpp.h; path = matrix_access.hpp; sourceTree = "<group>"; };
		3EA2D39B198BCABD003C71D8 /* matrix_access.inl */ = {isa = PBXFileReference; fileEncoding = 4; lastKnownFileType = text; path = matrix_access.inl; sourceTree = "<group>"; };
		3EA2D39C198BCABD003C71D8 /* matrix_integer.hpp */ = {isa = PBXFileReference; fileEncoding = 4; lastKnownFileType = sourcecode.cpp.h; path = matrix_integer.hpp; sourceTree = "<group>"; };
		3EA2D39D198BCABD003C71D8 /* matrix_inverse.hpp */ = {isa = PBXFileReference; fileEncoding = 4; lastKnownFileType = sourcecode.cpp.h; path = matrix_inverse.hpp; sourceTree = "<group>"; };
		3EA2D39E198BCABD003C71D8 /* matrix_inverse.inl */ = {isa = PBXFileReference; fileEncoding = 4; lastKnownFileType = text; path = matrix_inverse.inl; sourceTree = "<group>"; };
		3EA2D39F198BCABD003C71D8 /* matrix_transform.hpp */ = {isa = PBXFileReference; fileEncoding = 4; lastKnownFileType = sourcecode.cpp.h; path = matrix_transform.hpp; sourceTree = "<group>"; };
		3EA2D3A0198BCABD003C71D8 /* matrix_transform.inl */ = {isa = PBXFileReference; fileEncoding = 4; lastKnownFileType = text; path = matrix_transform.inl; sourceTree = "<group>"; };
		3EA2D3A1198BCABD003C71D8 /* noise.hpp */ = {isa = PBXFileReference; fileEncoding = 4; lastKnownFileType = sourcecode.cpp.h; path = noise.hpp; sourceTree = "<group>"; };
		3EA2D3A2198BCABD003C71D8 /* noise.inl */ = {isa = PBXFileReference; fileEncoding = 4; lastKnownFileType = text; path = noise.inl; sourceTree = "<group>"; };
		3EA2D3A3198BCABD003C71D8 /* packing.hpp */ = {isa = PBXFileReference; fileEncoding = 4; lastKnownFileType = sourcecode.cpp.h; path = packing.hpp; sourceTree = "<group>"; };
		3EA2D3A4198BCABD003C71D8 /* packing.inl */ = {isa = PBXFileReference; fileEncoding = 4; lastKnownFileType = text; path = packing.inl; sourceTree = "<group>"; };
		3EA2D3A5198BCABD003C71D8 /* quaternion.hpp */ = {isa = PBXFileReference; fileEncoding = 4; lastKnownFileType = sourcecode.cpp.h; path = quaternion.hpp; sourceTree = "<group>"; };
		3EA2D3A6198BCABD003C71D8 /* quaternion.inl */ = {isa = PBXFileReference; fileEncoding = 4; lastKnownFileType = text; path = quaternion.inl; sourceTree = "<group>"; };
		3EA2D3A7198BCABD003C71D8 /* random.hpp */ = {isa = PBXFileReference; fileEncoding = 4; lastKnownFileType = sourcecode.cpp.h; path = random.hpp; sourceTree = "<group>"; };
		3EA2D3A8198BCABD003C71D8 /* random.inl */ = {isa = PBXFileReference; fileEncoding = 4; lastKnownFileType = text; path = random.inl; sourceTree = "<group>"; };
		3EA2D3A9198BCABD003C71D8 /* reciprocal.hpp */ = {isa = PBXFileReference; fileEncoding = 4; lastKnownFileType = sourcecode.cpp.h; path = reciprocal.hpp; sourceTree = "<group>"; };
		3EA2D3AA198BCABD003C71D8 /* reciprocal.inl */ = {isa = PBXFileReference; fileEncoding = 4; lastKnownFileType = text; path = reciprocal.inl; sourceTree = "<group>"; };
		3EA2D3AB198BCABD003C71D8 /* type_precision.hpp */ = {isa = PBXFileReference; fileEncoding = 4; lastKnownFileType = sourcecode.cpp.h; path = type_precision.hpp; sourceTree = "<group>"; };
		3EA2D3AC198BCABD003C71D8 /* type_precision.inl */ = {isa = PBXFileReference; fileEncoding = 4; lastKnownFileType = text; path = type_precision.inl; sourceTree = "<group>"; };
		3EA2D3AD198BCABD003C71D8 /* type_ptr.hpp */ = {isa = PBXFileReference; fileEncoding = 4; lastKnownFileType = sourcecode.cpp.h; path = type_ptr.hpp; sourceTree = "<group>"; };
		3EA2D3AE198BCABD003C71D8 /* type_ptr.inl */ = {isa = PBXFileReference; fileEncoding = 4; lastKnownFileType = text; path = type_ptr.inl; sourceTree = "<group>"; };
		3EA2D3AF198BCABD003C71D8 /* ulp.hpp */ = {isa = PBXFileReference; fileEncoding = 4; lastKnownFileType = sourcecode.cpp.h; path = ulp.hpp; sourceTree = "<group>"; };
		3EA2D3B0198BCABD003C71D8 /* ulp.inl */ = {isa = PBXFileReference; fileEncoding = 4; lastKnownFileType = text; path = ulp.inl; sourceTree = "<group>"; };
		3EA2D3B2198BCABD003C71D8 /* associated_min_max.hpp */ = {isa = PBXFileReference; fileEncoding = 4; lastKnownFileType = sourcecode.cpp.h; path = associated_min_max.hpp; sourceTree = "<group>"; };
		3EA2D3B3198BCABD003C71D8 /* associated_min_max.inl */ = {isa = PBXFileReference; fileEncoding = 4; lastKnownFileType = text; path = associated_min_max.inl; sourceTree = "<group>"; };
		3EA2D3B4198BCABD003C71D8 /* bit.hpp */ = {isa = PBXFileReference; fileEncoding = 4; lastKnownFileType = sourcecode.cpp.h; path = bit.hpp; sourceTree = "<group>"; };
		3EA2D3B5198BCABD003C71D8 /* bit.inl */ = {isa = PBXFileReference; fileEncoding = 4; lastKnownFileType = text; path = bit.inl; sourceTree = "<group>"; };
		3EA2D3B6198BCABD003C71D8 /* closest_point.hpp */ = {isa = PBXFileReference; fileEncoding = 4; lastKnownFileType = sourcecode.cpp.h; path = closest_point.hpp; sourceTree = "<group>"; };
		3EA2D3B7198BCABD003C71D8 /* closest_point.inl */ = {isa = PBXFileReference; fileEncoding = 4; lastKnownFileType = text; path = closest_point.inl; sourceTree = "<group>"; };
		3EA2D3B8198BCABD003C71D8 /* color_space.hpp */ = {isa = PBXFileReference; fileEncoding = 4; lastKnownFileType = sourcecode.cpp.h; path = color_space.hpp; sourceTree = "<group>"; };
		3EA2D3B9198BCABD003C71D8 /* color_space.inl */ = {isa = PBXFileReference; fileEncoding = 4; lastKnownFileType = text; path = color_space.inl; sourceTree = "<group>"; };
		3EA2D3BA198BCABD003C71D8 /* color_space_YCoCg.hpp */ = {isa = PBXFileReference; fileEncoding = 4; lastKnownFileType = sourcecode.cpp.h; path = color_space_YCoCg.hpp; sourceTree = "<group>"; };
		3EA2D3BB198BCABD003C71D8 /* color_space_YCoCg.inl */ = {isa = PBXFileReference; fileEncoding = 4; lastKnownFileType = text; path = color_space_YCoCg.inl; sourceTree = "<group>"; };
		3EA2D3BC198BCABD003C71D8 /* compatibility.hpp */ = {isa = PBXFileReference; fileEncoding = 4; lastKnownFileType = sourcecode.cpp.h; path = compatibility.hpp; sourceTree = "<group>"; };
		3EA2D3BD198BCABD003C71D8 /* compatibility.inl */ = {isa = PBXFileReference; fileEncoding = 4; lastKnownFileType = text; path = compatibility.inl; sourceTree = "<group>"; };
		3EA2D3BE198BCABD003C71D8 /* component_wise.hpp */ = {isa = PBXFileReference; fileEncoding = 4; lastKnownFileType = sourcecode.cpp.h; path = component_wise.hpp; sourceTree = "<group>"; };
		3EA2D3BF198BCABD003C71D8 /* component_wise.inl */ = {isa = PBXFileReference; fileEncoding = 4; lastKnownFileType = text; path = component_wise.inl; sourceTree = "<group>"; };
		3EA2D3C0198BCABD003C71D8 /* constants.hpp */ = {isa = PBXFileReference; fileEncoding = 4; lastKnownFileType = sourcecode.cpp.h; path = constants.hpp; sourceTree = "<group>"; };
		3EA2D3C1198BCABD003C71D8 /* dual_quaternion.hpp */ = {isa = PBXFileReference; fileEncoding = 4; lastKnownFileType = sourcecode.cpp.h; path = dual_quaternion.hpp; sourceTree = "<group>"; };
		3EA2D3C2198BCABD003C71D8 /* dual_quaternion.inl */ = {isa = PBXFileReference; fileEncoding = 4; lastKnownFileType = text; path = dual_quaternion.inl; sourceTree = "<group>"; };
		3EA2D3C3198BCABD003C71D8 /* epsilon.hpp */ = {isa = PBXFileReference; fileEncoding = 4; lastKnownFileType = sourcecode.cpp.h; path = epsilon.hpp; sourceTree = "<group>"; };
		3EA2D3C4198BCABD003C71D8 /* euler_angles.hpp */ = {isa = PBXFileReference; fileEncoding = 4; lastKnownFileType = sourcecode.cpp.h; path = euler_angles.hpp; sourceTree = "<group>"; };
		3EA2D3C5198BCABD003C71D8 /* euler_angles.inl */ = {isa = PBXFileReference; fileEncoding = 4; lastKnownFileType = text; path = euler_angles.inl; sourceTree = "<group>"; };
		3EA2D3C6198BCABD003C71D8 /* extend.hpp */ = {isa = PBXFileReference; fileEncoding = 4; lastKnownFileType = sourcecode.cpp.h; path = extend.hpp; sourceTree = "<group>"; };
		3EA2D3C7198BCABD003C71D8 /* extend.inl */ = {isa = PBXFileReference; fileEncoding = 4; lastKnownFileType = text; path = extend.inl; sourceTree = "<group>"; };
		3EA2D3C8198BCABD003C71D8 /* extented_min_max.hpp */ = {isa = PBXFileReference; fileEncoding = 4; lastKnownFileType = sourcecode.cpp.h; path = extented_min_max.hpp; sourceTree = "<group>"; };
		3EA2D3C9198BCABD003C71D8 /* extented_min_max.inl */ = {isa = PBXFileReference; fileEncoding = 4; lastKnownFileType = text; path = extented_min_max.inl; sourceTree = "<group>"; };
		3EA2D3CA198BCABD003C71D8 /* fast_exponential.hpp */ = {isa = PBXFileReference; fileEncoding = 4; lastKnownFileType = sourcecode.cpp.h; path = fast_exponential.hpp; sourceTree = "<group>"; };
		3EA2D3CB198BCABD003C71D8 /* fast_exponential.inl */ = {isa = PBXFileReference; fileEncoding = 4; lastKnownFileType = text; path = fast_exponential.inl; sourceTree = "<group>"; };
		3EA2D3CC198BCABD003C71D8 /* fast_square_root.hpp */ = {isa = PBXFileReference; fileEncoding = 4; lastKnownFileType = sourcecode.cpp.h; path = fast_square_root.hpp; sourceTree = "<group>"; };
		3EA2D3CD198BCABD003C71D8 /* fast_square_root.inl */ = {isa = PBXFileReference; fileEncoding = 4; lastKnownFileType = text; path = fast_square_root.inl; sourceTree = "<group>"; };
		3EA2D3CE198BCABD003C71D8 /* fast_trigonometry.hpp */ = {isa = PBXFileReference; fileEncoding = 4; lastKnownFileType = sourcecode.cpp.h; path = fast_trigonometry.hpp; sourceTree = "<group>"; };
		3EA2D3CF198BCABD003C71D8 /* fast_trigonometry.inl */ = {isa = PBXFileReference; fileEncoding = 4; lastKnownFileType = text; path = fast_trigonometry.inl; sourceTree = "<group>"; };
		3EA2D3D0198BCABD003C71D8 /* gradient_paint.hpp */ = {isa = PBXFileReference; fileEncoding = 4; lastKnownFileType = sourcecode.cpp.h; path = gradient_paint.hpp; sourceTree = "<group>"; };
		3EA2D3D1198BCABD003C71D8 /* gradient_paint.inl */ = {isa = PBXFileReference; fileEncoding = 4; lastKnownFileType = text; path = gradient_paint.inl; sourceTree = "<group>"; };
		3EA2D3D2198BCABD003C71D8 /* handed_coordinate_space.hpp */ = {isa = PBXFileReference; fileEncoding = 4; lastKnownFileType = sourcecode.cpp.h; path = handed_coordinate_space.hpp; sourceTree = "<group>"; };
		3EA2D3D3198BCABD003C71D8 /* handed_coordinate_space.inl */ = {isa = PBXFileReference; fileEncoding = 4; lastKnownFileType = text; path = handed_coordinate_space.inl; sourceTree = "<group>"; };
		3EA2D3D4198BCABD003C71D8 /* inertia.hpp */ = {isa = PBXFileReference; fileEncoding = 4; lastKnownFileType = sourcecode.cpp.h; path = inertia.hpp; sourceTree = "<group>"; };
		3EA2D3D5198BCABD003C71D8 /* inertia.inl */ = {isa = PBXFileReference; fileEncoding = 4; lastKnownFileType = text; path = inertia.inl; sourceTree = "<group>"; };
		3EA2D3D6198BCABD003C71D8 /* int_10_10_10_2.hpp */ = {isa = PBXFileReference; fileEncoding = 4; lastKnownFileType = sourcecode.cpp.h; path = int_10_10_10_2.hpp; sourceTree = "<group>"; };
		3EA2D3D7198BCABD003C71D8 /* int_10_10_10_2.inl */ = {isa = PBXFileReference; fileEncoding = 4; lastKnownFileType = text; path = int_10_10_10_2.inl; sourceTree = "<group>"; };
		3EA2D3D8198BCABD003C71D8 /* integer.hpp */ = {isa = PBXFileReference; fileEncoding = 4; lastKnownFileType = sourcecode.cpp.h; path = integer.hpp; sourceTree = "<group>"; };
		3EA2D3D9198BCABD003C71D8 /* integer.inl */ = {isa = PBXFileReference; fileEncoding = 4; lastKnownFileType = text; path = integer.inl; sourceTree = "<group>"; };
		3EA2D3DA198BCABD003C71D8 /* intersect.hpp */ = {isa = PBXFileReference; fileEncoding = 4; lastKnownFileType = sourcecode.cpp.h; path = intersect.hpp; sourceTree = "<group>"; };
		3EA2D3DB198BCABD003C71D8 /* intersect.inl */ = {isa = PBXFileReference; fileEncoding = 4; lastKnownFileType = text; path = intersect.inl; sourceTree = "<group>"; };
		3EA2D3DC198BCABD003C71D8 /* io.hpp */ = {isa = PBXFileReference; fileEncoding = 4; lastKnownFileType = sourcecode.cpp.h; path = io.hpp; sourceTree = "<group>"; };
		3EA2D3DD198BCABD003C71D8 /* io.inl */ = {isa = PBXFileReference; fileEncoding = 4; lastKnownFileType = text; path = io.inl; sourceTree = "<group>"; };
		3EA2D3DE198BCABD003C71D8 /* log_base.hpp */ = {isa = PBXFileReference; fileEncoding = 4; lastKnownFileType = sourcecode.cpp.h; path = log_base.hpp; sourceTree = "<group>"; };
		3EA2D3DF198BCABD003C71D8 /* log_base.inl */ = {isa = PBXFileReference; fileEncoding = 4; lastKnownFileType = text; path = log_base.inl; sourceTree = "<group>"; };
		3EA2D3E0198BCABD003C71D8 /* matrix_cross_product.hpp */ = {isa = PBXFileReference; fileEncoding = 4; lastKnownFileType = sourcecode.cpp.h; path = matrix_cross_product.hpp; sourceTree = "<group>"; };
		3EA2D3E1198BCABD003C71D8 /* matrix_cross_product.inl */ = {isa = PBXFileReference; fileEncoding = 4; lastKnownFileType = text; path = matrix_cross_product.inl; sourceTree = "<group>"; };
		3EA2D3E2198BCABD003C71D8 /* matrix_interpolation.hpp */ = {isa = PBXFileReference; fileEncoding = 4; lastKnownFileType = sourcecode.cpp.h; path = matrix_interpolation.hpp; sourceTree = "<group>"; };
		3EA2D3E3198BCABD003C71D8 /* matrix_interpolation.inl */ = {isa = PBXFileReference; fileEncoding = 4; lastKnownFileType = text; path = matrix_interpolation.inl; sourceTree = "<group>"; };
		3EA2D3E4198BCABD003C71D8 /* matrix_major_storage.hpp */ = {isa = PBXFileReference; fileEncoding = 4; lastKnownFileType = sourcecode.cpp.h; path = matrix_major_storage.hpp; sourceTree = "<group>"; };
		3EA2D3E5198BCABD003C71D8 /* matrix_major_storage.inl */ = {isa = PBXFileReference; fileEncoding = 4; lastKnownFileType = text; path = matrix_major_storage.inl; sourceTree = "<group>"; };
		3EA2D3E6198BCABD003C71D8 /* matrix_operation.hpp */ = {isa = PBXFileReference; fileEncoding = 4; lastKnownFileType = sourcecode.cpp.h; path = matrix_operation.hpp; sourceTree = "<group>"; };
		3EA2D3E7198BCABD003C71D8 /* matrix_operation.inl */ = {isa = PBXFileReference; fileEncoding = 4; lastKnownFileType = text; path = matrix_operation.inl; sourceTree = "<group>"; };
		3EA2D3E8198BCABD003C71D8 /* matrix_query.hpp */ = {isa = PBXFileReference; fileEncoding = 4; lastKnownFileType = sourcecode.cpp.h; path = matrix_query.hpp; sourceTree = "<group>"; };
		3EA2D3E9198BCABD003C71D8 /* matrix_query.inl */ = {isa = PBXFileReference; fileEncoding = 4; lastKnownFileType = text; path = matrix_query.inl; sourceTree = "<group>"; };
		3EA2D3EA198BCABD003C71D8 /* matrix_transform_2d.hpp */ = {isa = PBXFileReference; fileEncoding = 4; lastKnownFileType = sourcecode.cpp.h; path = matrix_transform_2d.hpp; sourceTree = "<group>"; };
		3EA2D3EB198BCABD003C71D8 /* matrix_transform_2d.inl */ = {isa = PBXFileReference; fileEncoding = 4; lastKnownFileType = text; path = matrix_transform_2d.inl; sourceTree = "<group>"; };
		3EA2D3EC198BCABD003C71D8 /* mixed_product.hpp */ = {isa = PBXFileReference; fileEncoding = 4; lastKnownFileType = sourcecode.cpp.h; path = mixed_product.hpp; sourceTree = "<group>"; };
		3EA2D3ED198BCABD003C71D8 /* mixed_product.inl */ = {isa = PBXFileReference; fileEncoding = 4; lastKnownFileType = text; path = mixed_product.inl; sourceTree = "<group>"; };
		3EA2D3EE198BCABD003C71D8 /* multiple.hpp */ = {isa = PBXFileReference; fileEncoding = 4; lastKnownFileType = sourcecode.cpp.h; path = multiple.hpp; sourceTree = "<group>"; };
		3EA2D3EF198BCABD003C71D8 /* multiple.inl */ = {isa = PBXFileReference; fileEncoding = 4; lastKnownFileType = text; path = multiple.inl; sourceTree = "<group>"; };
		3EA2D3F0198BCABD003C71D8 /* noise.hpp */ = {isa = PBXFileReference; fileEncoding = 4; lastKnownFileType = sourcecode.cpp.h; path = noise.hpp; sourceTree = "<group>"; };
		3EA2D3F1198BCABD003C71D8 /* norm.hpp */ = {isa = PBXFileReference; fileEncoding = 4; lastKnownFileType = sourcecode.cpp.h; path = norm.hpp; sourceTree = "<group>"; };
		3EA2D3F2198BCABD003C71D8 /* norm.inl */ = {isa = PBXFileReference; fileEncoding = 4; lastKnownFileType = text; path = norm.inl; sourceTree = "<group>"; };
		3EA2D3F3198BCABD003C71D8 /* normal.hpp */ = {isa = PBXFileReference; fileEncoding = 4; lastKnownFileType = sourcecode.cpp.h; path = normal.hpp; sourceTree = "<group>"; };
		3EA2D3F4198BCABE003C71D8 /* normal.inl */ = {isa = PBXFileReference; fileEncoding = 4; lastKnownFileType = text; path = normal.inl; sourceTree = "<group>"; };
		3EA2D3F5198BCABE003C71D8 /* normalize_dot.hpp */ = {isa = PBXFileReference; fileEncoding = 4; lastKnownFileType = sourcecode.cpp.h; path = normalize_dot.hpp; sourceTree = "<group>"; };
		3EA2D3F6198BCABE003C71D8 /* normalize_dot.inl */ = {isa = PBXFileReference; fileEncoding = 4; lastKnownFileType = text; path = normalize_dot.inl; sourceTree = "<group>"; };
		3EA2D3F7198BCABE003C71D8 /* number_precision.hpp */ = {isa = PBXFileReference; fileEncoding = 4; lastKnownFileType = sourcecode.cpp.h; path = number_precision.hpp; sourceTree = "<group>"; };
		3EA2D3F8198BCABE003C71D8 /* number_precision.inl */ = {isa = PBXFileReference; fileEncoding = 4; lastKnownFileType = text; path = number_precision.inl; sourceTree = "<group>"; };
		3EA2D3F9198BCABE003C71D8 /* optimum_pow.hpp */ = {isa = PBXFileReference; fileEncoding = 4; lastKnownFileType = sourcecode.cpp.h; path = optimum_pow.hpp; sourceTree = "<group>"; };
		3EA2D3FA198BCABE003C71D8 /* optimum_pow.inl */ = {isa = PBXFileReference; fileEncoding = 4; lastKnownFileType = text; path = optimum_pow.inl; sourceTree = "<group>"; };
		3EA2D3FB198BCABE003C71D8 /* orthonormalize.hpp */ = {isa = PBXFileReference; fileEncoding = 4; lastKnownFileType = sourcecode.cpp.h; path = orthonormalize.hpp; sourceTree = "<group>"; };
		3EA2D3FC198BCABE003C71D8 /* orthonormalize.inl */ = {isa = PBXFileReference; fileEncoding = 4; lastKnownFileType = text; path = orthonormalize.inl; sourceTree = "<group>"; };
		3EA2D3FD198BCABE003C71D8 /* perpendicular.hpp */ = {isa = PBXFileReference; fileEncoding = 4; lastKnownFileType = sourcecode.cpp.h; path = perpendicular.hpp; sourceTree = "<group>"; };
		3EA2D3FE198BCABE003C71D8 /* perpendicular.inl */ = {isa = PBXFileReference; fileEncoding = 4; lastKnownFileType = text; path = perpendicular.inl; sourceTree = "<group>"; };
		3EA2D3FF198BCABE003C71D8 /* polar_coordinates.hpp */ = {isa = PBXFileReference; fileEncoding = 4; lastKnownFileType = sourcecode.cpp.h; path = polar_coordinates.hpp; sourceTree = "<group>"; };
		3EA2D400198BCABE003C71D8 /* polar_coordinates.inl */ = {isa = PBXFileReference; fileEncoding = 4; lastKnownFileType = text; path = polar_coordinates.inl; sourceTree = "<group>"; };
		3EA2D401198BCABE003C71D8 /* projection.hpp */ = {isa = PBXFileReference; fileEncoding = 4; lastKnownFileType = sourcecode.cpp.h; path = projection.hpp; sourceTree = "<group>"; };
		3EA2D402198BCABE003C71D8 /* projection.inl */ = {isa = PBXFileReference; fileEncoding = 4; lastKnownFileType = text; path = projection.inl; sourceTree = "<group>"; };
		3EA2D403198BCABE003C71D8 /* quaternion.hpp */ = {isa = PBXFileReference; fileEncoding = 4; lastKnownFileType = sourcecode.cpp.h; path = quaternion.hpp; sourceTree = "<group>"; };
		3EA2D404198BCABE003C71D8 /* quaternion.inl */ = {isa = PBXFileReference; fileEncoding = 4; lastKnownFileType = text; path = quaternion.inl; sourceTree = "<group>"; };
		3EA2D405198BCABE003C71D8 /* random.hpp */ = {isa = PBXFileReference; fileEncoding = 4; lastKnownFileType = sourcecode.cpp.h; path = random.hpp; sourceTree = "<group>"; };
		3EA2D406198BCABE003C71D8 /* raw_data.hpp */ = {isa = PBXFileReference; fileEncoding = 4; lastKnownFileType = sourcecode.cpp.h; path = raw_data.hpp; sourceTree = "<group>"; };
		3EA2D407198BCABE003C71D8 /* raw_data.inl */ = {isa = PBXFileReference; fileEncoding = 4; lastKnownFileType = text; path = raw_data.inl; sourceTree = "<group>"; };
		3EA2D408198BCABE003C71D8 /* reciprocal.hpp */ = {isa = PBXFileReference; fileEncoding = 4; lastKnownFileType = sourcecode.cpp.h; path = reciprocal.hpp; sourceTree = "<group>"; };
		3EA2D409198BCABE003C71D8 /* rotate_normalized_axis.hpp */ = {isa = PBXFileReference; fileEncoding = 4; lastKnownFileType = sourcecode.cpp.h; path = rotate_normalized_axis.hpp; sourceTree = "<group>"; };
		3EA2D40A198BCABE003C71D8 /* rotate_normalized_axis.inl */ = {isa = PBXFileReference; fileEncoding = 4; lastKnownFileType = text; path = rotate_normalized_axis.inl; sourceTree = "<group>"; };
		3EA2D40B198BCABE003C71D8 /* rotate_vector.hpp */ = {isa = PBXFileReference; fileEncoding = 4; lastKnownFileType = sourcecode.cpp.h; path = rotate_vector.hpp; sourceTree = "<group>"; };
		3EA2D40C198BCABE003C71D8 /* rotate_vector.inl */ = {isa = PBXFileReference; fileEncoding = 4; lastKnownFileType = text; path = rotate_vector.inl; sourceTree = "<group>"; };
		3EA2D40D198BCABE003C71D8 /* scalar_relational.hpp */ = {isa = PBXFileReference; fileEncoding = 4; lastKnownFileType = sourcecode.cpp.h; path = scalar_relational.hpp; sourceTree = "<group>"; };
		3EA2D40E198BCABE003C71D8 /* scalar_relational.inl */ = {isa = PBXFileReference; fileEncoding = 4; lastKnownFileType = text; path = scalar_relational.inl; sourceTree = "<group>"; };
		3EA2D40F198BCABE003C71D8 /* simd_mat4.hpp */ = {isa = PBXFileReference; fileEncoding = 4; lastKnownFileType = sourcecode.cpp.h; path = simd_mat4.hpp; sourceTree = "<group>"; };
		3EA2D410198BCABE003C71D8 /* simd_mat4.inl */ = {isa = PBXFileReference; fileEncoding = 4; lastKnownFileType = text; path = simd_mat4.inl; sourceTree = "<group>"; };
		3EA2D411198BCABE003C71D8 /* simd_quat.hpp */ = {isa = PBXFileReference; fileEncoding = 4; lastKnownFileType = sourcecode.cpp.h; path = simd_quat.hpp; sourceTree = "<group>"; };
		3EA2D412198BCABE003C71D8 /* simd_quat.inl */ = {isa = PBXFileReference; fileEncoding = 4; lastKnownFileType = text; path = simd_quat.inl; sourceTree = "<group>"; };
		3EA2D413198BCABE003C71D8 /* simd_vec4.hpp */ = {isa = PBXFileReference; fileEncoding = 4; lastKnownFileType = sourcecode.cpp.h; path = simd_vec4.hpp; sourceTree = "<group>"; };
		3EA2D414198BCABE003C71D8 /* simd_vec4.inl */ = {isa = PBXFileReference; fileEncoding = 4; lastKnownFileType = text; path = simd_vec4.inl; sourceTree = "<group>"; };
		3EA2D415198BCABE003C71D8 /* spline.hpp */ = {isa = PBXFileReference; fileEncoding = 4; lastKnownFileType = sourcecode.cpp.h; path = spline.hpp; sourceTree = "<group>"; };
		3EA2D416198BCABE003C71D8 /* spline.inl */ = {isa = PBXFileReference; fileEncoding = 4; lastKnownFileType = text; path = spline.inl; sourceTree = "<group>"; };
		3EA2D417198BCABE003C71D8 /* std_based_type.hpp */ = {isa = PBXFileReference; fileEncoding = 4; lastKnownFileType = sourcecode.cpp.h; path = std_based_type.hpp; sourceTree = "<group>"; };
		3EA2D418198BCABE003C71D8 /* std_based_type.inl */ = {isa = PBXFileReference; fileEncoding = 4; lastKnownFileType = text; path = std_based_type.inl; sourceTree = "<group>"; };
		3EA2D419198BCABE003C71D8 /* string_cast.hpp */ = {isa = PBXFileReference; fileEncoding = 4; lastKnownFileType = sourcecode.cpp.h; path = string_cast.hpp; sourceTree = "<group>"; };
		3EA2D41A198BCABE003C71D8 /* string_cast.inl */ = {isa = PBXFileReference; fileEncoding = 4; lastKnownFileType = text; path = string_cast.inl; sourceTree = "<group>"; };
		3EA2D41B198BCABE003C71D8 /* transform.hpp */ = {isa = PBXFileReference; fileEncoding = 4; lastKnownFileType = sourcecode.cpp.h; path = transform.hpp; sourceTree = "<group>"; };
		3EA2D41C198BCABE003C71D8 /* transform.inl */ = {isa = PBXFileReference; fileEncoding = 4; lastKnownFileType = text; path = transform.inl; sourceTree = "<group>"; };
		3EA2D41D198BCABE003C71D8 /* transform2.hpp */ = {isa = PBXFileReference; fileEncoding = 4; lastKnownFileType = sourcecode.cpp.h; path = transform2.hpp; sourceTree = "<group>"; };
		3EA2D41E198BCABE003C71D8 /* transform2.inl */ = {isa = PBXFileReference; fileEncoding = 4; lastKnownFileType = text; path = transform2.inl; sourceTree = "<group>"; };
		3EA2D41F198BCABE003C71D8 /* ulp.hpp */ = {isa = PBXFileReference; fileEncoding = 4; lastKnownFileType = sourcecode.cpp.h; path = ulp.hpp; sourceTree = "<group>"; };
		3EA2D420198BCABE003C71D8 /* unsigned_int.hpp */ = {isa = PBXFileReference; fileEncoding = 4; lastKnownFileType = sourcecode.cpp.h; path = unsigned_int.hpp; sourceTree = "<group>"; };
		3EA2D421198BCABE003C71D8 /* unsigned_int.inl */ = {isa = PBXFileReference; fileEncoding = 4; lastKnownFileType = text; path = unsigned_int.inl; sourceTree = "<group>"; };
		3EA2D422198BCABE003C71D8 /* vec1.hpp */ = {isa = PBXFileReference; fileEncoding = 4; lastKnownFileType = sourcecode.cpp.h; path = vec1.hpp; sourceTree = "<group>"; };
		3EA2D423198BCABE003C71D8 /* vec1.inl */ = {isa = PBXFileReference; fileEncoding = 4; lastKnownFileType = text; path = vec1.inl; sourceTree = "<group>"; };
		3EA2D424198BCABE003C71D8 /* vector_angle.hpp */ = {isa = PBXFileReference; fileEncoding = 4; lastKnownFileType = sourcecode.cpp.h; path = vector_angle.hpp; sourceTree = "<group>"; };
		3EA2D425198BCABE003C71D8 /* vector_angle.inl */ = {isa = PBXFileReference; fileEncoding = 4; lastKnownFileType = text; path = vector_angle.inl; sourceTree = "<group>"; };
		3EA2D426198BCABE003C71D8 /* vector_query.hpp */ = {isa = PBXFileReference; fileEncoding = 4; lastKnownFileType = sourcecode.cpp.h; path = vector_query.hpp; sourceTree = "<group>"; };
		3EA2D427198BCABE003C71D8 /* vector_query.inl */ = {isa = PBXFileReference; fileEncoding = 4; lastKnownFileType = text; path = vector_query.inl; sourceTree = "<group>"; };
		3EA2D428198BCABE003C71D8 /* wrap.hpp */ = {isa = PBXFileReference; fileEncoding = 4; lastKnownFileType = sourcecode.cpp.h; path = wrap.hpp; sourceTree = "<group>"; };
		3EA2D429198BCABE003C71D8 /* wrap.inl */ = {isa = PBXFileReference; fileEncoding = 4; lastKnownFileType = text; path = wrap.inl; sourceTree = "<group>"; };
		3EA2D42A198BCABE003C71D8 /* integer.hpp */ = {isa = PBXFileReference; fileEncoding = 4; lastKnownFileType = sourcecode.cpp.h; path = integer.hpp; sourceTree = "<group>"; };
		3EA2D42B198BCABE003C71D8 /* mat2x2.hpp */ = {isa = PBXFileReference; fileEncoding = 4; lastKnownFileType = sourcecode.cpp.h; path = mat2x2.hpp; sourceTree = "<group>"; };
		3EA2D42C198BCABE003C71D8 /* mat2x3.hpp */ = {isa = PBXFileReference; fileEncoding = 4; lastKnownFileType = sourcecode.cpp.h; path = mat2x3.hpp; sourceTree = "<group>"; };
		3EA2D42D198BCABE003C71D8 /* mat2x4.hpp */ = {isa = PBXFileReference; fileEncoding = 4; lastKnownFileType = sourcecode.cpp.h; path = mat2x4.hpp; sourceTree = "<group>"; };
		3EA2D42E198BCABE003C71D8 /* mat3x2.hpp */ = {isa = PBXFileReference; fileEncoding = 4; lastKnownFileType = sourcecode.cpp.h; path = mat3x2.hpp; sourceTree = "<group>"; };
		3EA2D42F198BCABE003C71D8 /* mat3x3.hpp */ = {isa = PBXFileReference; fileEncoding = 4; lastKnownFileType = sourcecode.cpp.h; path = mat3x3.hpp; sourceTree = "<group>"; };
		3EA2D430198BCABE003C71D8 /* mat3x4.hpp */ = {isa = PBXFileReference; fileEncoding = 4; lastKnownFileType = sourcecode.cpp.h; path = mat3x4.hpp; sourceTree = "<group>"; };
		3EA2D431198BCABE003C71D8 /* mat4x2.hpp */ = {isa = PBXFileReference; fileEncoding = 4; lastKnownFileType = sourcecode.cpp.h; path = mat4x2.hpp; sourceTree = "<group>"; };
		3EA2D432198BCABE003C71D8 /* mat4x3.hpp */ = {isa = PBXFileReference; fileEncoding = 4; lastKnownFileType = sourcecode.cpp.h; path = mat4x3.hpp; sourceTree = "<group>"; };
		3EA2D433198BCABE003C71D8 /* mat4x4.hpp */ = {isa = PBXFileReference; fileEncoding = 4; lastKnownFileType = sourcecode.cpp.h; path = mat4x4.hpp; sourceTree = "<group>"; };
		3EA2D434198BCABE003C71D8 /* matrix.hpp */ = {isa = PBXFileReference; fileEncoding = 4; lastKnownFileType = sourcecode.cpp.h; path = matrix.hpp; sourceTree = "<group>"; };
		3EA2D435198BCABE003C71D8 /* packing.hpp */ = {isa = PBXFileReference; fileEncoding = 4; lastKnownFileType = sourcecode.cpp.h; path = packing.hpp; sourceTree = "<group>"; };
		3EA2D436198BCABE003C71D8 /* trigonometric.hpp */ = {isa = PBXFileReference; fileEncoding = 4; lastKnownFileType = sourcecode.cpp.h; path = trigonometric.hpp; sourceTree = "<group>"; };
		3EA2D437198BCABE003C71D8 /* vec2.hpp */ = {isa = PBXFileReference; fileEncoding = 4; lastKnownFileType = sourcecode.cpp.h; path = vec2.hpp; sourceTree = "<group>"; };
		3EA2D438198BCABE003C71D8 /* vec3.hpp */ = {isa = PBXFileReference; fileEncoding = 4; lastKnownFileType = sourcecode.cpp.h; path = vec3.hpp; sourceTree = "<group>"; };
		3EA2D439198BCABE003C71D8 /* vec4.hpp */ = {isa = PBXFileReference; fileEncoding = 4; lastKnownFileType = sourcecode.cpp.h; path = vec4.hpp; sourceTree = "<group>"; };
		3EA2D43A198BCABE003C71D8 /* vector_relational.hpp */ = {isa = PBXFileReference; fileEncoding = 4; lastKnownFileType = sourcecode.cpp.h; path = vector_relational.hpp; sourceTree = "<group>"; };
		3EA2D43B198BCABE003C71D8 /* SOIL.h */ = {isa = PBXFileReference; fileEncoding = 4; lastKnownFileType = sourcecode.c.h; path = SOIL.h; sourceTree = "<group>"; };
		3EA2D43C198BCABE003C71D8 /* input.txt */ = {isa = PBXFileReference; fileEncoding = 4; lastKnownFileType = text; path = input.txt; sourceTree = "<group>"; };
		3EA2D43E198BCABE003C71D8 /* teapot.obj */ = {isa = PBXFileReference; fileEncoding = 4; lastKnownFileType = text; path = teapot.obj; sourceTree = "<group>"; };
		3EA2D43F198BCABE003C71D8 /* teddy.obj */ = {isa = PBXFileReference; fileEncoding = 4; lastKnownFileType = text; path = teddy.obj; sourceTree = "<group>"; };
		3EA2D441198BCABE003C71D8 /* sources.txt */ = {isa = PBXFileReference; fileEncoding = 4; lastKnownFileType = text; path = sources.txt; sourceTree = "<group>"; };
		3EA2D443198BCABE003C71D8 /* common.hpp */ = {isa = PBXFileReference; fileEncoding = 4; lastKnownFileType = sourcecode.cpp.h; path = common.hpp; sourceTree = "<group>"; };
		3EA2D444198BCABE003C71D8 /* grid.hpp */ = {isa = PBXFileReference; fileEncoding = 4; lastKnownFileType = sourcecode.cpp.h; path = grid.hpp; sourceTree = "<group>"; };
		3EA2D445198BCABE003C71D8 /* input.hpp */ = {isa = PBXFileReference; fileEncoding = 4; lastKnownFileType = sourcecode.cpp.h; path = input.hpp; sourceTree = "<group>"; };
		3EA2D447198BCABE003C71D8 /* main.cpp */ = {isa = PBXFileReference; fileEncoding = 4; lastKnownFileType = sourcecode.cpp.cpp; path = main.cpp; sourceTree = "<group>"; };
		3EA2D448198BCABE003C71D8 /* model.hpp */ = {isa = PBXFileReference; fileEncoding = 4; lastKnownFileType = sourcecode.cpp.h; path = model.hpp; sourceTree = "<group>"; };
		3EA2D449198BCABE003C71D8 /* object.hpp */ = {isa = PBXFileReference; fileEncoding = 4; lastKnownFileType = sourcecode.cpp.h; path = object.hpp; sourceTree = "<group>"; };
		3EA2D44A198BCABE003C71D8 /* room.hpp */ = {isa = PBXFileReference; fileEncoding = 4; lastKnownFileType = sourcecode.cpp.h; path = room.hpp; sourceTree = "<group>"; };
		3EA2D44B198BCABE003C71D8 /* texture.hpp */ = {isa = PBXFileReference; fileEncoding = 4; lastKnownFileType = sourcecode.cpp.h; path = texture.hpp; sourceTree = "<group>"; };
		3EA2D44C198BCABE003C71D8 /* wall.hpp */ = {isa = PBXFileReference; fileEncoding = 4; lastKnownFileType = sourcecode.cpp.h; path = wall.hpp; sourceTree = "<group>"; };
		3EA2D44E198BCABE003C71D8 /* texture.bmp */ = {isa = PBXFileReference; lastKnownFileType = image.bmp; path = texture.bmp; sourceTree = "<group>"; };
		3EA2D452198BCB63003C71D8 /* Cocoa.framework */ = {isa = PBXFileReference; lastKnownFileType = wrapper.framework; name = Cocoa.framework; path = System/Library/Frameworks/Cocoa.framework; sourceTree = SDKROOT; };
		3EA2D454198BCB68003C71D8 /* CoreVideo.framework */ = {isa = PBXFileReference; lastKnownFileType = wrapper.framework; name = CoreVideo.framework; path = System/Library/Frameworks/CoreVideo.framework; sourceTree = SDKROOT; };
		3EA2D456198BCB71003C71D8 /* IOKit.framework */ = {isa = PBXFileReference; lastKnownFileType = wrapper.framework; name = IOKit.framework; path = System/Library/Frameworks/IOKit.framework; sourceTree = SDKROOT; };
		3EA2D458198BCBB6003C71D8 /* OpenGL.framework */ = {isa = PBXFileReference; lastKnownFileType = wrapper.framework; name = OpenGL.framework; path = System/Library/Frameworks/OpenGL.framework; sourceTree = SDKROOT; };
		3EA2D45E198BD31A003C71D8 /* CoreFoundation.framework */ = {isa = PBXFileReference; lastKnownFileType = wrapper.framework; name = CoreFoundation.framework; path = System/Library/Frameworks/CoreFoundation.framework; sourceTree = SDKROOT; };
/* End PBXFileReference section */

/* Begin PBXFrameworksBuildPhase section */
		3EA2D32B198BCAA4003C71D8 /* Frameworks */ = {
			isa = PBXFrameworksBuildPhase;
			buildActionMask = 2147483647;
			files = (
				3E1FCF6E198BE2110026D843 /* libglfw3.a in Frameworks */,
				3E1FCF6F198BE2110026D843 /* libSOIL.dylib in Frameworks */,
				3EA2D459198BCBB6003C71D8 /* OpenGL.framework in Frameworks */,
				3EA2D457198BCB71003C71D8 /* IOKit.framework in Frameworks */,
				3EA2D455198BCB68003C71D8 /* CoreVideo.framework in Frameworks */,
				3EA2D453198BCB63003C71D8 /* Cocoa.framework in Frameworks */,
			);
			runOnlyForDeploymentPostprocessing = 0;
		};
/* End PBXFrameworksBuildPhase section */

/* Begin PBXGroup section */
		3EA2D325198BCAA4003C71D8 = {
			isa = PBXGroup;
			children = (
				3E1FCF6C198BE2110026D843 /* libglfw3.a */,
				3E1FCF6D198BE2110026D843 /* libSOIL.dylib */,
				3EA2D45E198BD31A003C71D8 /* CoreFoundation.framework */,
				3EA2D458198BCBB6003C71D8 /* OpenGL.framework */,
				3EA2D456198BCB71003C71D8 /* IOKit.framework */,
				3EA2D454198BCB68003C71D8 /* CoreVideo.framework */,
				3EA2D452198BCB63003C71D8 /* Cocoa.framework */,
				3EA2D330198BCAA4003C71D8 /* PICG-Project1 */,
				3EA2D32F198BCAA4003C71D8 /* Products */,
			);
			sourceTree = "<group>";
		};
		3EA2D32F198BCAA4003C71D8 /* Products */ = {
			isa = PBXGroup;
			children = (
				3EA2D32E198BCAA4003C71D8 /* PICG-Project1 */,
			);
			name = Products;
			sourceTree = "<group>";
		};
		3EA2D330198BCAA4003C71D8 /* PICG-Project1 */ = {
			isa = PBXGroup;
			children = (
				3EA2D33A198BCABD003C71D8 /* include */,
				3EA2D43C198BCABE003C71D8 /* input.txt */,
				3EA2D43D198BCABE003C71D8 /* models */,
				3EA2D441198BCABE003C71D8 /* sources.txt */,
				3EA2D442198BCABE003C71D8 /* src */,
				3EA2D44D198BCABE003C71D8 /* textures */,
				3EA2D333198BCAA4003C71D8 /* PICG_Project1.1 */,
			);
			path = "PICG-Project1";
			sourceTree = "<group>";
		};
		3EA2D33A198BCABD003C71D8 /* include */ = {
			isa = PBXGroup;
			children = (
				3EA2D33B198BCABD003C71D8 /* glm */,
				3EA2D43B198BCABE003C71D8 /* SOIL.h */,
			);
			path = include;
			sourceTree = "<group>";
		};
		3EA2D33B198BCABD003C71D8 /* glm */ = {
			isa = PBXGroup;
			children = (
				3EA2D33C198BCABD003C71D8 /* CMakeLists.txt */,
				3EA2D33D198BCABD003C71D8 /* common.hpp */,
				3EA2D33E198BCABD003C71D8 /* detail */,
				3EA2D390198BCABD003C71D8 /* exponential.hpp */,
				3EA2D391198BCABD003C71D8 /* ext.hpp */,
				3EA2D392198BCABD003C71D8 /* fwd.hpp */,
				3EA2D393198BCABD003C71D8 /* geometric.hpp */,
				3EA2D394198BCABD003C71D8 /* glm.hpp */,
				3EA2D395198BCABD003C71D8 /* gtc */,
				3EA2D3B1198BCABD003C71D8 /* gtx */,
				3EA2D42A198BCABE003C71D8 /* integer.hpp */,
				3EA2D42B198BCABE003C71D8 /* mat2x2.hpp */,
				3EA2D42C198BCABE003C71D8 /* mat2x3.hpp */,
				3EA2D42D198BCABE003C71D8 /* mat2x4.hpp */,
				3EA2D42E198BCABE003C71D8 /* mat3x2.hpp */,
				3EA2D42F198BCABE003C71D8 /* mat3x3.hpp */,
				3EA2D430198BCABE003C71D8 /* mat3x4.hpp */,
				3EA2D431198BCABE003C71D8 /* mat4x2.hpp */,
				3EA2D432198BCABE003C71D8 /* mat4x3.hpp */,
				3EA2D433198BCABE003C71D8 /* mat4x4.hpp */,
				3EA2D434198BCABE003C71D8 /* matrix.hpp */,
				3EA2D435198BCABE003C71D8 /* packing.hpp */,
				3EA2D436198BCABE003C71D8 /* trigonometric.hpp */,
				3EA2D437198BCABE003C71D8 /* vec2.hpp */,
				3EA2D438198BCABE003C71D8 /* vec3.hpp */,
				3EA2D439198BCABE003C71D8 /* vec4.hpp */,
				3EA2D43A198BCABE003C71D8 /* vector_relational.hpp */,
			);
			path = glm;
			sourceTree = "<group>";
		};
		3EA2D33E198BCABD003C71D8 /* detail */ = {
			isa = PBXGroup;
			children = (
				3EA2D33F198BCABD003C71D8 /* _features.hpp */,
				3EA2D340198BCABD003C71D8 /* _fixes.hpp */,
				3EA2D341198BCABD003C71D8 /* _literals.hpp */,
				3EA2D342198BCABD003C71D8 /* _noise.hpp */,
				3EA2D343198BCABD003C71D8 /* _swizzle.hpp */,
				3EA2D344198BCABD003C71D8 /* _swizzle_func.hpp */,
				3EA2D345198BCABD003C71D8 /* _vectorize.hpp */,
				3EA2D346198BCABD003C71D8 /* dummy.cpp */,
				3EA2D347198BCABD003C71D8 /* func_common.hpp */,
				3EA2D348198BCABD003C71D8 /* func_common.inl */,
				3EA2D349198BCABD003C71D8 /* func_exponential.hpp */,
				3EA2D34A198BCABD003C71D8 /* func_exponential.inl */,
				3EA2D34B198BCABD003C71D8 /* func_geometric.hpp */,
				3EA2D34C198BCABD003C71D8 /* func_geometric.inl */,
				3EA2D34D198BCABD003C71D8 /* func_integer.hpp */,
				3EA2D34E198BCABD003C71D8 /* func_integer.inl */,
				3EA2D34F198BCABD003C71D8 /* func_matrix.hpp */,
				3EA2D350198BCABD003C71D8 /* func_matrix.inl */,
				3EA2D351198BCABD003C71D8 /* func_noise.hpp */,
				3EA2D352198BCABD003C71D8 /* func_noise.inl */,
				3EA2D353198BCABD003C71D8 /* func_packing.hpp */,
				3EA2D354198BCABD003C71D8 /* func_packing.inl */,
				3EA2D355198BCABD003C71D8 /* func_trigonometric.hpp */,
				3EA2D356198BCABD003C71D8 /* func_trigonometric.inl */,
				3EA2D357198BCABD003C71D8 /* func_vector_relational.hpp */,
				3EA2D358198BCABD003C71D8 /* func_vector_relational.inl */,
				3EA2D359198BCABD003C71D8 /* glm.cpp */,
				3EA2D35A198BCABD003C71D8 /* hint.hpp */,
				3EA2D35B198BCABD003C71D8 /* intrinsic_common.hpp */,
				3EA2D35C198BCABD003C71D8 /* intrinsic_common.inl */,
				3EA2D35D198BCABD003C71D8 /* intrinsic_exponential.hpp */,
				3EA2D35E198BCABD003C71D8 /* intrinsic_exponential.inl */,
				3EA2D35F198BCABD003C71D8 /* intrinsic_geometric.hpp */,
				3EA2D360198BCABD003C71D8 /* intrinsic_geometric.inl */,
				3EA2D361198BCABD003C71D8 /* intrinsic_integer.hpp */,
				3EA2D362198BCABD003C71D8 /* intrinsic_integer.inl */,
				3EA2D363198BCABD003C71D8 /* intrinsic_matrix.hpp */,
				3EA2D364198BCABD003C71D8 /* intrinsic_matrix.inl */,
				3EA2D365198BCABD003C71D8 /* intrinsic_trigonometric.hpp */,
				3EA2D366198BCABD003C71D8 /* intrinsic_trigonometric.inl */,
				3EA2D367198BCABD003C71D8 /* intrinsic_vector_relational.hpp */,
				3EA2D368198BCABD003C71D8 /* intrinsic_vector_relational.inl */,
				3EA2D369198BCABD003C71D8 /* precision.hpp */,
				3EA2D36A198BCABD003C71D8 /* precision.inl */,
				3EA2D36B198BCABD003C71D8 /* setup.hpp */,
				3EA2D36C198BCABD003C71D8 /* type_float.hpp */,
				3EA2D36D198BCABD003C71D8 /* type_gentype.hpp */,
				3EA2D36E198BCABD003C71D8 /* type_gentype.inl */,
				3EA2D36F198BCABD003C71D8 /* type_half.hpp */,
				3EA2D370198BCABD003C71D8 /* type_half.inl */,
				3EA2D371198BCABD003C71D8 /* type_int.hpp */,
				3EA2D372198BCABD003C71D8 /* type_mat.hpp */,
				3EA2D373198BCABD003C71D8 /* type_mat.inl */,
				3EA2D374198BCABD003C71D8 /* type_mat2x2.hpp */,
				3EA2D375198BCABD003C71D8 /* type_mat2x2.inl */,
				3EA2D376198BCABD003C71D8 /* type_mat2x3.hpp */,
				3EA2D377198BCABD003C71D8 /* type_mat2x3.inl */,
				3EA2D378198BCABD003C71D8 /* type_mat2x4.hpp */,
				3EA2D379198BCABD003C71D8 /* type_mat2x4.inl */,
				3EA2D37A198BCABD003C71D8 /* type_mat3x2.hpp */,
				3EA2D37B198BCABD003C71D8 /* type_mat3x2.inl */,
				3EA2D37C198BCABD003C71D8 /* type_mat3x3.hpp */,
				3EA2D37D198BCABD003C71D8 /* type_mat3x3.inl */,
				3EA2D37E198BCABD003C71D8 /* type_mat3x4.hpp */,
				3EA2D37F198BCABD003C71D8 /* type_mat3x4.inl */,
				3EA2D380198BCABD003C71D8 /* type_mat4x2.hpp */,
				3EA2D381198BCABD003C71D8 /* type_mat4x2.inl */,
				3EA2D382198BCABD003C71D8 /* type_mat4x3.hpp */,
				3EA2D383198BCABD003C71D8 /* type_mat4x3.inl */,
				3EA2D384198BCABD003C71D8 /* type_mat4x4.hpp */,
				3EA2D385198BCABD003C71D8 /* type_mat4x4.inl */,
				3EA2D386198BCABD003C71D8 /* type_vec.hpp */,
				3EA2D387198BCABD003C71D8 /* type_vec.inl */,
				3EA2D388198BCABD003C71D8 /* type_vec1.hpp */,
				3EA2D389198BCABD003C71D8 /* type_vec1.inl */,
				3EA2D38A198BCABD003C71D8 /* type_vec2.hpp */,
				3EA2D38B198BCABD003C71D8 /* type_vec2.inl */,
				3EA2D38C198BCABD003C71D8 /* type_vec3.hpp */,
				3EA2D38D198BCABD003C71D8 /* type_vec3.inl */,
				3EA2D38E198BCABD003C71D8 /* type_vec4.hpp */,
				3EA2D38F198BCABD003C71D8 /* type_vec4.inl */,
			);
			path = detail;
			sourceTree = "<group>";
		};
		3EA2D395198BCABD003C71D8 /* gtc */ = {
			isa = PBXGroup;
			children = (
				3EA2D396198BCABD003C71D8 /* constants.hpp */,
				3EA2D397198BCABD003C71D8 /* constants.inl */,
				3EA2D398198BCABD003C71D8 /* epsilon.hpp */,
				3EA2D399198BCABD003C71D8 /* epsilon.inl */,
				3EA2D39A198BCABD003C71D8 /* matrix_access.hpp */,
				3EA2D39B198BCABD003C71D8 /* matrix_access.inl */,
				3EA2D39C198BCABD003C71D8 /* matrix_integer.hpp */,
				3EA2D39D198BCABD003C71D8 /* matrix_inverse.hpp */,
				3EA2D39E198BCABD003C71D8 /* matrix_inverse.inl */,
				3EA2D39F198BCABD003C71D8 /* matrix_transform.hpp */,
				3EA2D3A0198BCABD003C71D8 /* matrix_transform.inl */,
				3EA2D3A1198BCABD003C71D8 /* noise.hpp */,
				3EA2D3A2198BCABD003C71D8 /* noise.inl */,
				3EA2D3A3198BCABD003C71D8 /* packing.hpp */,
				3EA2D3A4198BCABD003C71D8 /* packing.inl */,
				3EA2D3A5198BCABD003C71D8 /* quaternion.hpp */,
				3EA2D3A6198BCABD003C71D8 /* quaternion.inl */,
				3EA2D3A7198BCABD003C71D8 /* random.hpp */,
				3EA2D3A8198BCABD003C71D8 /* random.inl */,
				3EA2D3A9198BCABD003C71D8 /* reciprocal.hpp */,
				3EA2D3AA198BCABD003C71D8 /* reciprocal.inl */,
				3EA2D3AB198BCABD003C71D8 /* type_precision.hpp */,
				3EA2D3AC198BCABD003C71D8 /* type_precision.inl */,
				3EA2D3AD198BCABD003C71D8 /* type_ptr.hpp */,
				3EA2D3AE198BCABD003C71D8 /* type_ptr.inl */,
				3EA2D3AF198BCABD003C71D8 /* ulp.hpp */,
				3EA2D3B0198BCABD003C71D8 /* ulp.inl */,
			);
			path = gtc;
			sourceTree = "<group>";
		};
		3EA2D3B1198BCABD003C71D8 /* gtx */ = {
			isa = PBXGroup;
			children = (
				3EA2D3B2198BCABD003C71D8 /* associated_min_max.hpp */,
				3EA2D3B3198BCABD003C71D8 /* associated_min_max.inl */,
				3EA2D3B4198BCABD003C71D8 /* bit.hpp */,
				3EA2D3B5198BCABD003C71D8 /* bit.inl */,
				3EA2D3B6198BCABD003C71D8 /* closest_point.hpp */,
				3EA2D3B7198BCABD003C71D8 /* closest_point.inl */,
				3EA2D3B8198BCABD003C71D8 /* color_space.hpp */,
				3EA2D3B9198BCABD003C71D8 /* color_space.inl */,
				3EA2D3BA198BCABD003C71D8 /* color_space_YCoCg.hpp */,
				3EA2D3BB198BCABD003C71D8 /* color_space_YCoCg.inl */,
				3EA2D3BC198BCABD003C71D8 /* compatibility.hpp */,
				3EA2D3BD198BCABD003C71D8 /* compatibility.inl */,
				3EA2D3BE198BCABD003C71D8 /* component_wise.hpp */,
				3EA2D3BF198BCABD003C71D8 /* component_wise.inl */,
				3EA2D3C0198BCABD003C71D8 /* constants.hpp */,
				3EA2D3C1198BCABD003C71D8 /* dual_quaternion.hpp */,
				3EA2D3C2198BCABD003C71D8 /* dual_quaternion.inl */,
				3EA2D3C3198BCABD003C71D8 /* epsilon.hpp */,
				3EA2D3C4198BCABD003C71D8 /* euler_angles.hpp */,
				3EA2D3C5198BCABD003C71D8 /* euler_angles.inl */,
				3EA2D3C6198BCABD003C71D8 /* extend.hpp */,
				3EA2D3C7198BCABD003C71D8 /* extend.inl */,
				3EA2D3C8198BCABD003C71D8 /* extented_min_max.hpp */,
				3EA2D3C9198BCABD003C71D8 /* extented_min_max.inl */,
				3EA2D3CA198BCABD003C71D8 /* fast_exponential.hpp */,
				3EA2D3CB198BCABD003C71D8 /* fast_exponential.inl */,
				3EA2D3CC198BCABD003C71D8 /* fast_square_root.hpp */,
				3EA2D3CD198BCABD003C71D8 /* fast_square_root.inl */,
				3EA2D3CE198BCABD003C71D8 /* fast_trigonometry.hpp */,
				3EA2D3CF198BCABD003C71D8 /* fast_trigonometry.inl */,
				3EA2D3D0198BCABD003C71D8 /* gradient_paint.hpp */,
				3EA2D3D1198BCABD003C71D8 /* gradient_paint.inl */,
				3EA2D3D2198BCABD003C71D8 /* handed_coordinate_space.hpp */,
				3EA2D3D3198BCABD003C71D8 /* handed_coordinate_space.inl */,
				3EA2D3D4198BCABD003C71D8 /* inertia.hpp */,
				3EA2D3D5198BCABD003C71D8 /* inertia.inl */,
				3EA2D3D6198BCABD003C71D8 /* int_10_10_10_2.hpp */,
				3EA2D3D7198BCABD003C71D8 /* int_10_10_10_2.inl */,
				3EA2D3D8198BCABD003C71D8 /* integer.hpp */,
				3EA2D3D9198BCABD003C71D8 /* integer.inl */,
				3EA2D3DA198BCABD003C71D8 /* intersect.hpp */,
				3EA2D3DB198BCABD003C71D8 /* intersect.inl */,
				3EA2D3DC198BCABD003C71D8 /* io.hpp */,
				3EA2D3DD198BCABD003C71D8 /* io.inl */,
				3EA2D3DE198BCABD003C71D8 /* log_base.hpp */,
				3EA2D3DF198BCABD003C71D8 /* log_base.inl */,
				3EA2D3E0198BCABD003C71D8 /* matrix_cross_product.hpp */,
				3EA2D3E1198BCABD003C71D8 /* matrix_cross_product.inl */,
				3EA2D3E2198BCABD003C71D8 /* matrix_interpolation.hpp */,
				3EA2D3E3198BCABD003C71D8 /* matrix_interpolation.inl */,
				3EA2D3E4198BCABD003C71D8 /* matrix_major_storage.hpp */,
				3EA2D3E5198BCABD003C71D8 /* matrix_major_storage.inl */,
				3EA2D3E6198BCABD003C71D8 /* matrix_operation.hpp */,
				3EA2D3E7198BCABD003C71D8 /* matrix_operation.inl */,
				3EA2D3E8198BCABD003C71D8 /* matrix_query.hpp */,
				3EA2D3E9198BCABD003C71D8 /* matrix_query.inl */,
				3EA2D3EA198BCABD003C71D8 /* matrix_transform_2d.hpp */,
				3EA2D3EB198BCABD003C71D8 /* matrix_transform_2d.inl */,
				3EA2D3EC198BCABD003C71D8 /* mixed_product.hpp */,
				3EA2D3ED198BCABD003C71D8 /* mixed_product.inl */,
				3EA2D3EE198BCABD003C71D8 /* multiple.hpp */,
				3EA2D3EF198BCABD003C71D8 /* multiple.inl */,
				3EA2D3F0198BCABD003C71D8 /* noise.hpp */,
				3EA2D3F1198BCABD003C71D8 /* norm.hpp */,
				3EA2D3F2198BCABD003C71D8 /* norm.inl */,
				3EA2D3F3198BCABD003C71D8 /* normal.hpp */,
				3EA2D3F4198BCABE003C71D8 /* normal.inl */,
				3EA2D3F5198BCABE003C71D8 /* normalize_dot.hpp */,
				3EA2D3F6198BCABE003C71D8 /* normalize_dot.inl */,
				3EA2D3F7198BCABE003C71D8 /* number_precision.hpp */,
				3EA2D3F8198BCABE003C71D8 /* number_precision.inl */,
				3EA2D3F9198BCABE003C71D8 /* optimum_pow.hpp */,
				3EA2D3FA198BCABE003C71D8 /* optimum_pow.inl */,
				3EA2D3FB198BCABE003C71D8 /* orthonormalize.hpp */,
				3EA2D3FC198BCABE003C71D8 /* orthonormalize.inl */,
				3EA2D3FD198BCABE003C71D8 /* perpendicular.hpp */,
				3EA2D3FE198BCABE003C71D8 /* perpendicular.inl */,
				3EA2D3FF198BCABE003C71D8 /* polar_coordinates.hpp */,
				3EA2D400198BCABE003C71D8 /* polar_coordinates.inl */,
				3EA2D401198BCABE003C71D8 /* projection.hpp */,
				3EA2D402198BCABE003C71D8 /* projection.inl */,
				3EA2D403198BCABE003C71D8 /* quaternion.hpp */,
				3EA2D404198BCABE003C71D8 /* quaternion.inl */,
				3EA2D405198BCABE003C71D8 /* random.hpp */,
				3EA2D406198BCABE003C71D8 /* raw_data.hpp */,
				3EA2D407198BCABE003C71D8 /* raw_data.inl */,
				3EA2D408198BCABE003C71D8 /* reciprocal.hpp */,
				3EA2D409198BCABE003C71D8 /* rotate_normalized_axis.hpp */,
				3EA2D40A198BCABE003C71D8 /* rotate_normalized_axis.inl */,
				3EA2D40B198BCABE003C71D8 /* rotate_vector.hpp */,
				3EA2D40C198BCABE003C71D8 /* rotate_vector.inl */,
				3EA2D40D198BCABE003C71D8 /* scalar_relational.hpp */,
				3EA2D40E198BCABE003C71D8 /* scalar_relational.inl */,
				3EA2D40F198BCABE003C71D8 /* simd_mat4.hpp */,
				3EA2D410198BCABE003C71D8 /* simd_mat4.inl */,
				3EA2D411198BCABE003C71D8 /* simd_quat.hpp */,
				3EA2D412198BCABE003C71D8 /* simd_quat.inl */,
				3EA2D413198BCABE003C71D8 /* simd_vec4.hpp */,
				3EA2D414198BCABE003C71D8 /* simd_vec4.inl */,
				3EA2D415198BCABE003C71D8 /* spline.hpp */,
				3EA2D416198BCABE003C71D8 /* spline.inl */,
				3EA2D417198BCABE003C71D8 /* std_based_type.hpp */,
				3EA2D418198BCABE003C71D8 /* std_based_type.inl */,
				3EA2D419198BCABE003C71D8 /* string_cast.hpp */,
				3EA2D41A198BCABE003C71D8 /* string_cast.inl */,
				3EA2D41B198BCABE003C71D8 /* transform.hpp */,
				3EA2D41C198BCABE003C71D8 /* transform.inl */,
				3EA2D41D198BCABE003C71D8 /* transform2.hpp */,
				3EA2D41E198BCABE003C71D8 /* transform2.inl */,
				3EA2D41F198BCABE003C71D8 /* ulp.hpp */,
				3EA2D420198BCABE003C71D8 /* unsigned_int.hpp */,
				3EA2D421198BCABE003C71D8 /* unsigned_int.inl */,
				3EA2D422198BCABE003C71D8 /* vec1.hpp */,
				3EA2D423198BCABE003C71D8 /* vec1.inl */,
				3EA2D424198BCABE003C71D8 /* vector_angle.hpp */,
				3EA2D425198BCABE003C71D8 /* vector_angle.inl */,
				3EA2D426198BCABE003C71D8 /* vector_query.hpp */,
				3EA2D427198BCABE003C71D8 /* vector_query.inl */,
				3EA2D428198BCABE003C71D8 /* wrap.hpp */,
				3EA2D429198BCABE003C71D8 /* wrap.inl */,
			);
			path = gtx;
			sourceTree = "<group>";
		};
		3EA2D43D198BCABE003C71D8 /* models */ = {
			isa = PBXGroup;
			children = (
				3EA2D43E198BCABE003C71D8 /* teapot.obj */,
				3EA2D43F198BCABE003C71D8 /* teddy.obj */,
			);
			path = models;
			sourceTree = "<group>";
		};
		3EA2D442198BCABE003C71D8 /* src */ = {
			isa = PBXGroup;
			children = (
				3EA2D443198BCABE003C71D8 /* common.hpp */,
				3EA2D444198BCABE003C71D8 /* grid.hpp */,
				3EA2D445198BCABE003C71D8 /* input.hpp */,
				3EA2D447198BCABE003C71D8 /* main.cpp */,
				3EA2D448198BCABE003C71D8 /* model.hpp */,
				3EA2D449198BCABE003C71D8 /* object.hpp */,
				3EA2D44A198BCABE003C71D8 /* room.hpp */,
				3EA2D44B198BCABE003C71D8 /* texture.hpp */,
				3EA2D44C198BCABE003C71D8 /* wall.hpp */,
			);
			path = src;
			sourceTree = "<group>";
		};
		3EA2D44D198BCABE003C71D8 /* textures */ = {
			isa = PBXGroup;
			children = (
				3EA2D44E198BCABE003C71D8 /* texture.bmp */,
			);
			path = textures;
			sourceTree = "<group>";
		};
/* End PBXGroup section */

/* Begin PBXNativeTarget section */
		3EA2D32D198BCAA4003C71D8 /* PICG-Project1 */ = {
			isa = PBXNativeTarget;
			buildConfigurationList = 3EA2D337198BCAA4003C71D8 /* Build configuration list for PBXNativeTarget "PICG-Project1" */;
			buildPhases = (
				3EA2D32A198BCAA4003C71D8 /* Sources */,
				3EA2D32B198BCAA4003C71D8 /* Frameworks */,
				3EA2D32C198BCAA4003C71D8 /* CopyFiles */,
				3EA2D467198BDA55003C71D8 /* CopyFiles */,
				3EA2D46A198BDAB6003C71D8 /* CopyFiles */,
				3EA2D46C198BDAEC003C71D8 /* CopyFiles */,
			);
			buildRules = (
			);
			dependencies = (
			);
			name = "PICG-Project1";
			productName = "PICG-Project1";
			productReference = 3EA2D32E198BCAA4003C71D8 /* PICG-Project1 */;
			productType = "com.apple.product-type.tool";
		};
/* End PBXNativeTarget section */

/* Begin PBXProject section */
		3EA2D326198BCAA4003C71D8 /* Project object */ = {
			isa = PBXProject;
			attributes = {
				LastUpgradeCheck = 0510;
				ORGANIZATIONNAME = "Matheus Andrade";
			};
			buildConfigurationList = 3EA2D329198BCAA4003C71D8 /* Build configuration list for PBXProject "PICG-Project1" */;
			compatibilityVersion = "Xcode 3.2";
			developmentRegion = English;
			hasScannedForEncodings = 0;
			knownRegions = (
				en,
			);
			mainGroup = 3EA2D325198BCAA4003C71D8;
			productRefGroup = 3EA2D32F198BCAA4003C71D8 /* Products */;
			projectDirPath = "";
			projectRoot = "";
			targets = (
				3EA2D32D198BCAA4003C71D8 /* PICG-Project1 */,
			);
		};
/* End PBXProject section */

/* Begin PBXSourcesBuildPhase section */
		3EA2D32A198BCAA4003C71D8 /* Sources */ = {
			isa = PBXSourcesBuildPhase;
			buildActionMask = 2147483647;
			files = (
				3EA2D451198BCABE003C71D8 /* main.cpp in Sources */,
			);
			runOnlyForDeploymentPostprocessing = 0;
		};
/* End PBXSourcesBuildPhase section */

/* Begin XCBuildConfiguration section */
		3EA2D335198BCAA4003C71D8 /* Debug */ = {
			isa = XCBuildConfiguration;
			buildSettings = {
				ALWAYS_SEARCH_USER_PATHS = NO;
				CLANG_CXX_LANGUAGE_STANDARD = "gnu++0x";
				CLANG_CXX_LIBRARY = "libc++";
				CLANG_ENABLE_MODULES = YES;
				CLANG_ENABLE_OBJC_ARC = YES;
				CLANG_WARN_BOOL_CONVERSION = YES;
				CLANG_WARN_CONSTANT_CONVERSION = YES;
				CLANG_WARN_DIRECT_OBJC_ISA_USAGE = YES_ERROR;
				CLANG_WARN_EMPTY_BODY = YES;
				CLANG_WARN_ENUM_CONVERSION = YES;
				CLANG_WARN_INT_CONVERSION = YES;
				CLANG_WARN_OBJC_ROOT_CLASS = YES_ERROR;
				CLANG_WARN__DUPLICATE_METHOD_MATCH = YES;
				COPY_PHASE_STRIP = NO;
				GCC_C_LANGUAGE_STANDARD = gnu99;
				GCC_DYNAMIC_NO_PIC = NO;
				GCC_ENABLE_OBJC_EXCEPTIONS = YES;
				GCC_OPTIMIZATION_LEVEL = 0;
				GCC_PREPROCESSOR_DEFINITIONS = (
					"DEBUG=1",
					"$(inherited)",
				);
				GCC_SYMBOLS_PRIVATE_EXTERN = NO;
				GCC_WARN_64_TO_32_BIT_CONVERSION = YES;
				GCC_WARN_ABOUT_RETURN_TYPE = YES_ERROR;
				GCC_WARN_UNDECLARED_SELECTOR = YES;
				GCC_WARN_UNINITIALIZED_AUTOS = YES_AGGRESSIVE;
				GCC_WARN_UNUSED_FUNCTION = YES;
				GCC_WARN_UNUSED_VARIABLE = YES;
				MACOSX_DEPLOYMENT_TARGET = 10.9;
				ONLY_ACTIVE_ARCH = YES;
				SDKROOT = macosx;
			};
			name = Debug;
		};
		3EA2D336198BCAA4003C71D8 /* Release */ = {
			isa = XCBuildConfiguration;
			buildSettings = {
				ALWAYS_SEARCH_USER_PATHS = NO;
				CLANG_CXX_LANGUAGE_STANDARD = "gnu++0x";
				CLANG_CXX_LIBRARY = "libc++";
				CLANG_ENABLE_MODULES = YES;
				CLANG_ENABLE_OBJC_ARC = YES;
				CLANG_WARN_BOOL_CONVERSION = YES;
				CLANG_WARN_CONSTANT_CONVERSION = YES;
				CLANG_WARN_DIRECT_OBJC_ISA_USAGE = YES_ERROR;
				CLANG_WARN_EMPTY_BODY = YES;
				CLANG_WARN_ENUM_CONVERSION = YES;
				CLANG_WARN_INT_CONVERSION = YES;
				CLANG_WARN_OBJC_ROOT_CLASS = YES_ERROR;
				CLANG_WARN__DUPLICATE_METHOD_MATCH = YES;
				COPY_PHASE_STRIP = YES;
				DEBUG_INFORMATION_FORMAT = "dwarf-with-dsym";
				ENABLE_NS_ASSERTIONS = NO;
				GCC_C_LANGUAGE_STANDARD = gnu99;
				GCC_ENABLE_OBJC_EXCEPTIONS = YES;
				GCC_WARN_64_TO_32_BIT_CONVERSION = YES;
				GCC_WARN_ABOUT_RETURN_TYPE = YES_ERROR;
				GCC_WARN_UNDECLARED_SELECTOR = YES;
				GCC_WARN_UNINITIALIZED_AUTOS = YES_AGGRESSIVE;
				GCC_WARN_UNUSED_FUNCTION = YES;
				GCC_WARN_UNUSED_VARIABLE = YES;
				MACOSX_DEPLOYMENT_TARGET = 10.9;
				SDKROOT = macosx;
			};
			name = Release;
		};
		3EA2D338198BCAA4003C71D8 /* Debug */ = {
			isa = XCBuildConfiguration;
			buildSettings = {
				HEADER_SEARCH_PATHS = (
					"$(inherited)",
					/Applications/Xcode.app/Contents/Developer/Toolchains/XcodeDefault.xctoolchain/usr/include,
					/usr/local/include,
				);
				LIBRARY_SEARCH_PATHS = (
					/usr/local/lib,
					/usr/local/Cellar/glfw3/3.0.4/lib,
				);
				OTHER_LDFLAGS = "";
				PRODUCT_NAME = "$(TARGET_NAME)";
			};
			name = Debug;
		};
		3EA2D339198BCAA4003C71D8 /* Release */ = {
			isa = XCBuildConfiguration;
			buildSettings = {
				HEADER_SEARCH_PATHS = (
					"$(inherited)",
					/Applications/Xcode.app/Contents/Developer/Toolchains/XcodeDefault.xctoolchain/usr/include,
					/usr/local/include,
				);
				LIBRARY_SEARCH_PATHS = (
					/usr/local/lib,
					/usr/local/Cellar/glfw3/3.0.4/lib,
				);
				OTHER_LDFLAGS = "";
				PRODUCT_NAME = "$(TARGET_NAME)";
			};
			name = Release;
		};
/* End XCBuildConfiguration section */

/* Begin XCConfigurationList section */
		3EA2D329198BCAA4003C71D8 /* Build configuration list for PBXProject "PICG-Project1" */ = {
			isa = XCConfigurationList;
			buildConfigurations = (
				3EA2D335198BCAA4003C71D8 /* Debug */,
				3EA2D336198BCAA4003C71D8 /* Release */,
			);
			defaultConfigurationIsVisible = 0;
			defaultConfigurationName = Release;
		};
		3EA2D337198BCAA4003C71D8 /* Build configuration list for PBXNativeTarget "PICG-Project1" */ = {
			isa = XCConfigurationList;
			buildConfigurations = (
				3EA2D338198BCAA4003C71D8 /* Debug */,
				3EA2D339198BCAA4003C71D8 /* Release */,
			);
			defaultConfigurationIsVisible = 0;
			defaultConfigurationName = Release;
		};
/* End XCConfigurationList section */
	};
	rootObject = 3EA2D326198BCAA4003C71D8 /* Project object */;
}
